PODS:
  - KIF (3.5.1):
    - KIF/Core (= 3.5.1)
  - KIF/Core (3.5.1)
  - VOKUtilities (0.9.1):
    - VOKUtilities/NSCalendar+VOKAL (= 0.9.1)
    - VOKUtilities/NSNumberFormatter+VOKAL (= 0.9.1)
    - VOKUtilities/NSPredicate+VOKAL (= 0.9.1)
    - VOKUtilities/NSString+VOKValidation (= 0.9.1)
    - VOKUtilities/UIColor+VOKAL (= 0.9.1)
    - VOKUtilities/UIView+VOKCircle (= 0.9.1)
    - VOKUtilities/UIView+VOKDebug (= 0.9.1)
    - VOKUtilities/UIViewController+VOKKeyboard (= 0.9.1)
    - VOKUtilities/VOKAlertHelper (= 0.9.1)
    - VOKUtilities/VOKEmailHelper (= 0.9.1)
    - VOKUtilities/VOKIBHelpers (= 0.9.1)
    - VOKUtilities/VOKKeyPathHelper (= 0.9.1)
  - VOKUtilities/NSCalendar+VOKAL (0.9.1)
  - VOKUtilities/NSNumberFormatter+VOKAL (0.9.1)
  - VOKUtilities/NSPredicate+VOKAL (0.9.1)
  - VOKUtilities/NSString+VOKValidation (0.9.1)
  - VOKUtilities/UIColor+VOKAL (0.9.1)
  - VOKUtilities/UIView+VOKCircle (0.9.1)
  - VOKUtilities/UIView+VOKDebug (0.9.1)
  - VOKUtilities/UIViewController+VOKKeyboard (0.9.1)
  - VOKUtilities/VOKAlertHelper (0.9.1)
  - VOKUtilities/VOKEmailHelper (0.9.1)
  - VOKUtilities/VOKIBHelpers (0.9.1)
  - VOKUtilities/VOKKeyPathHelper (0.9.1)

DEPENDENCIES:
  - KIF (~> 3.5)
  - VOKUtilities (from `../`)

EXTERNAL SOURCES:
  VOKUtilities:
    :path: "../"

SPEC CHECKSUMS:
  KIF: 082eb65279e51c3092923802849eb796a04982ab
  VOKUtilities: 53042617731322a2a7d1bb30ef5f87a483112738

PODFILE CHECKSUM: 9ccc53b03f9e3a9710f9636b4227ff058e608662

COCOAPODS: 1.1.1
