<?xml version="1.0" encoding="UTF-8"?>
<Scheme
   LastUpgradeVersion = "0820"
   version = "1.7">
   <BuildAction
      parallelizeBuildables = "YES"
      buildImplicitDependencies = "YES">
      <PostActions>
         <ExecutionAction
            ActionType = "Xcode.IDEStandardExecutionActionsCore.ExecutionActionType.ShellScriptAction">
            <ActionContent
               title = "Run Script"
               scriptText = "# Get the path to the local copy of xUnique&#10;XUNIQUE_PATH=&quot;${SRCROOT}/xUnique.py&quot;&#10;&#10;# Run it against the main project&#10;python &quot;${XUNIQUE_PATH}&quot; &quot;${PROJECT_FILE_PATH}/project.pbxproj&quot;&#10;&#10;# Run it against CocoaPods&#10;python &quot;${XUNIQUE_PATH}&quot; &quot;${PODS_ROOT}/Pods.xcodeproj&quot;&#10;">
               <EnvironmentBuildable>
                  <BuildableReference
                     BuildableIdentifier = "primary"
                     BlueprintIdentifier = "91AF48AB6ABCD9D2C72AC18C2B29D373"
                     BuildableName = "VOKUtilities-OSX"
                     BlueprintName = "VOKUtilities-OSX"
                     ReferencedContainer = "container:VOKUtilities.xcodeproj">
                  </BuildableReference>
               </EnvironmentBuildable>
            </ActionContent>
         </ExecutionAction>
      </PostActions>
      <BuildActionEntries>
         <BuildActionEntry
            buildForTesting = "YES"
            buildForRunning = "YES"
            buildForProfiling = "YES"
            buildForArchiving = "YES"
            buildForAnalyzing = "YES">
            <BuildableReference
               BuildableIdentifier = "primary"
               BlueprintIdentifier = "91AF48AB6ABCD9D2C72AC18C2B29D373"
               BuildableName = "VOKUtilities-OSX"
               BlueprintName = "VOKUtilities-OSX"
               ReferencedContainer = "container:VOKUtilities.xcodeproj">
            </BuildableReference>
         </BuildActionEntry>
         <BuildActionEntry
            buildForTesting = "YES"
            buildForRunning = "YES"
            buildForProfiling = "NO"
            buildForArchiving = "NO"
            buildForAnalyzing = "YES">
            <BuildableReference
               BuildableIdentifier = "primary"
               BlueprintIdentifier = "77AEA97F928530117E076CB03353ECCC"
               BuildableName = "Tests-OSX.xctest"
               BlueprintName = "Tests-OSX"
               ReferencedContainer = "container:VOKUtilities.xcodeproj">
            </BuildableReference>
         </BuildActionEntry>
      </BuildActionEntries>
   </BuildAction>
   <TestAction
      buildConfiguration = "Debug"
      selectedDebuggerIdentifier = "Xcode.DebuggerFoundation.Debugger.LLDB"
      selectedLauncherIdentifier = "Xcode.DebuggerFoundation.Launcher.LLDB"
      shouldUseLaunchSchemeArgsEnv = "YES">
      <Testables>
         <TestableReference
            skipped = "NO">
            <BuildableReference
               BuildableIdentifier = "primary"
               BlueprintIdentifier = "77AEA97F928530117E076CB03353ECCC"
               BuildableName = "Tests-OSX.xctest"
               BlueprintName = "Tests-OSX"
               ReferencedContainer = "container:VOKUtilities.xcodeproj">
            </BuildableReference>
         </TestableReference>
      </Testables>
      <MacroExpansion>
         <BuildableReference
            BuildableIdentifier = "primary"
            BlueprintIdentifier = "91AF48AB6ABCD9D2C72AC18C2B29D373"
            BuildableName = "VOKUtilities-OSX"
            BlueprintName = "VOKUtilities-OSX"
            ReferencedContainer = "container:VOKUtilities.xcodeproj">
         </BuildableReference>
      </MacroExpansion>
      <AdditionalOptions>
      </AdditionalOptions>
   </TestAction>
   <LaunchAction
      buildConfiguration = "Debug"
      selectedDebuggerIdentifier = "Xcode.DebuggerFoundation.Debugger.LLDB"
      selectedLauncherIdentifier = "Xcode.DebuggerFoundation.Launcher.LLDB"
      launchStyle = "0"
      useCustomWorkingDirectory = "NO"
      ignoresPersistentStateOnLaunch = "NO"
      debugDocumentVersioning = "YES"
      debugServiceExtension = "internal"
      allowLocationSimulation = "YES">
      <BuildableProductRunnable
         runnableDebuggingMode = "0">
         <BuildableReference
            BuildableIdentifier = "primary"
            BlueprintIdentifier = "91AF48AB6ABCD9D2C72AC18C2B29D373"
            BuildableName = "VOKUtilities-OSX"
            BlueprintName = "VOKUtilities-OSX"
            ReferencedContainer = "container:VOKUtilities.xcodeproj">
         </BuildableReference>
      </BuildableProductRunnable>
      <AdditionalOptions>
      </AdditionalOptions>
   </LaunchAction>
   <ProfileAction
      buildConfiguration = "Release"
      shouldUseLaunchSchemeArgsEnv = "YES"
      savedToolIdentifier = ""
      useCustomWorkingDirectory = "NO"
      debugDocumentVersioning = "YES">
      <BuildableProductRunnable
         runnableDebuggingMode = "0">
         <BuildableReference
            BuildableIdentifier = "primary"
            BlueprintIdentifier = "91AF48AB6ABCD9D2C72AC18C2B29D373"
            BuildableName = "VOKUtilities-OSX"
            BlueprintName = "VOKUtilities-OSX"
            ReferencedContainer = "container:VOKUtilities.xcodeproj">
         </BuildableReference>
      </BuildableProductRunnable>
   </ProfileAction>
   <AnalyzeAction
      buildConfiguration = "Debug">
   </AnalyzeAction>
   <ArchiveAction
      buildConfiguration = "Release"
      revealArchiveInOrganizer = "YES">
   </ArchiveAction>
</Scheme>
