// !$*UTF8*$!
{
	archiveVersion = 1;
	classes = {
	};
	objectVersion = 46;
	objects = {

/* Begin PBXBuildFile section */
		0053277E091BAFE30ABDFAEB7CE28E73 /* CoreGraphics.framework in Frameworks */ = {isa = PBXBuildFile; fileRef = 24926CDA7FBB04AFC767AEF5B9BB7A42 /* CoreGraphics.framework */; };
		0529F65AEC801852D6EC3E948E7D2EAC /* NSCalendar_VOKAL_Tests.m in Sources */ = {isa = PBXBuildFile; fileRef = 81B3EC1E9A081DFD3E84F73606C4FFF9 /* NSCalendar_VOKAL_Tests.m */; };
		0B8ED12CD8AF9F9763B3643D73D46DB5 /* libPods-VOKUtilities-tvOS-Tests-tvOS.a in Frameworks */ = {isa = PBXBuildFile; fileRef = 51F01D609ECF7FC23D60D5D99476C930 /* libPods-VOKUtilities-tvOS-Tests-tvOS.a */; };
		164906665CBA68AAC2384170975E05AF /* main.m in Sources */ = {isa = PBXBuildFile; fileRef = AA936DC1D941D75B58380CDE427BEB2A /* main.m */; };
		250859DE7206E0781673C92BAF8FD500 /* NSPredicate_VOKAL_Tests.m in Sources */ = {isa = PBXBuildFile; fileRef = 09FEE28427C1277C3D9CD5B1716EF9FF /* NSPredicate_VOKAL_Tests.m */; };
		2C9B92D12A58F3CF7C559224EED1DC0C /* NSNumberFormatter_VOKAL_Tests.m in Sources */ = {isa = PBXBuildFile; fileRef = 57FDD4E0D337F3AC5A11511F64396B2B /* NSNumberFormatter_VOKAL_Tests.m */; };
		2DB1DDCB4DFAD0F456DD71758947C216 /* InfoPlist.strings in Resources */ = {isa = PBXBuildFile; fileRef = 189C69E5C7BB81B5DA6529C87719C553 /* InfoPlist.strings */; };
		2EF8BF9A7382D975A58C9C7104DFF8A7 /* Foundation.framework in Frameworks */ = {isa = PBXBuildFile; fileRef = 6CD2B98C25A86899F736FEF4E148322F /* Foundation.framework */; };
		3184FF096E7294079F3D24F6E46A89BB /* UIView_VOKDebug_Tests.m in Sources */ = {isa = PBXBuildFile; fileRef = 9FD0E90C9086C74B623837E86F8893F3 /* UIView_VOKDebug_Tests.m */; };
		32F25DEE7B5E76F4C3DB4E8C96208710 /* ViewController.m in Sources */ = {isa = PBXBuildFile; fileRef = 120F654AF5DE8F532A09C168F72D2F0A /* ViewController.m */; };
		37638418B39D8A1FFC9BF2568375E1FC /* AppDelegate.m in Sources */ = {isa = PBXBuildFile; fileRef = BB086D8F4109A2A2A6C66784212DADD1 /* AppDelegate.m */; };
		3EFA9339B89C87119C873EFB476B6ED3 /* UIKit.framework in Frameworks */ = {isa = PBXBuildFile; fileRef = 135B1F314C9ADE2AFE962AC23EF4E680 /* UIKit.framework */; };
		40F952AA033F761173EDDC80E881A223 /* libPods-VOKUtilities-OSX-Tests-OSX.a in Frameworks */ = {isa = PBXBuildFile; fileRef = A1B2FF42B0073883959676E05CF20383 /* libPods-VOKUtilities-OSX-Tests-OSX.a */; };
		4A53F6ECB4903343320425802676EC2A /* NSString_VOKValidation_Tests.m in Sources */ = {isa = PBXBuildFile; fileRef = 38D5FDE7C6A774D4D63BE08861719979 /* NSString_VOKValidation_Tests.m */; };
		50C91464E6FA9E82C648B7C1A453B40B /* UIColor_VOKAL_Tests.m in Sources */ = {isa = PBXBuildFile; fileRef = 7BB3B7342011ECC58611A62CD7DDEE16 /* UIColor_VOKAL_Tests.m */; };
		53530FC838BB9E3D7237DA5C45FAA09B /* main.m in Sources */ = {isa = PBXBuildFile; fileRef = 208068955258414E6A43799EE974CEBA /* main.m */; };
		57C827C7DF572F8B9C0C8458F271AAE8 /* UIView_VOKDebug_UITests.m in Sources */ = {isa = PBXBuildFile; fileRef = C17071E967154CD9456A6D0F1C3692F1 /* UIView_VOKDebug_UITests.m */; };
		587E9CC2D7350ED52484C90B1AB4337C /* libPods-VOKUtilities-OSX.a in Frameworks */ = {isa = PBXBuildFile; fileRef = 9F5FD5F942C7D939FB8F5800EB3C0854 /* libPods-VOKUtilities-OSX.a */; };
		5A35D91522E68EA1EC370C51492F2688 /* Foundation.framework in Frameworks */ = {isa = PBXBuildFile; fileRef = 6CD2B98C25A86899F736FEF4E148322F /* Foundation.framework */; };
		5C86A1DEEE565D527AF1CFE2616D4FA9 /* VOKAlertHelper_Tests.m in Sources */ = {isa = PBXBuildFile; fileRef = 8DD369650F89B53A3EE34BF5F6F3AC6B /* VOKAlertHelper_Tests.m */; };
		5D29FBAAC2372A2B7E30036A57D4D9AF /* Assets.xcassets in Resources */ = {isa = PBXBuildFile; fileRef = 20BE48FF7B95B870F262A31BF373054E /* Assets.xcassets */; };
		617F084F0350DF60335FC9D8B60D277E /* VOKEmailHelper_UITests.m in Sources */ = {isa = PBXBuildFile; fileRef = 764BDA8BACDC7E825E3B48AB7B6CE77E /* VOKEmailHelper_UITests.m */; };
		6180CC94D58ACF7E3B1253B8E39BC4BD /* TestViewController.m in Sources */ = {isa = PBXBuildFile; fileRef = C082F262B8772102EF995F8F737B31C0 /* TestViewController.m */; };
		62AD3C5EB78AA0F41990EB26207BFFA9 /* NSCalendar_VOKAL_Tests.m in Sources */ = {isa = PBXBuildFile; fileRef = 81B3EC1E9A081DFD3E84F73606C4FFF9 /* NSCalendar_VOKAL_Tests.m */; };
		638EF0F70C3449A50D7699D2048E4388 /* Main.storyboard in Resources */ = {isa = PBXBuildFile; fileRef = 149C4EECDD54AC318C09018A3551CD79 /* Main.storyboard */; };
		723A8F421F8D0FF752564E87F378A08C /* VOKAppDelegate.m in Sources */ = {isa = PBXBuildFile; fileRef = A994C16B7246E172908D4DC8954B9B85 /* VOKAppDelegate.m */; };
		7BE71B258EE539BD95E687B16C42D9C8 /* NSNumberFormatter_VOKAL_Tests.m in Sources */ = {isa = PBXBuildFile; fileRef = 57FDD4E0D337F3AC5A11511F64396B2B /* NSNumberFormatter_VOKAL_Tests.m */; };
		7C8A1CF4A40E824A26A90DDD7F428BB4 /* NSPredicate_VOKAL_Tests.m in Sources */ = {isa = PBXBuildFile; fileRef = 09FEE28427C1277C3D9CD5B1716EF9FF /* NSPredicate_VOKAL_Tests.m */; };
		83F9FBB51AE06D5C4B74D5793F51D3B2 /* UIViewController_VOKKeyboard_Tests.m in Sources */ = {isa = PBXBuildFile; fileRef = D80FCEB83D06907EEECCB4E59E640343 /* UIViewController_VOKKeyboard_Tests.m */; };
		85883CF6A2710A9D37414606C4EE4B78 /* main.m in Sources */ = {isa = PBXBuildFile; fileRef = E5707297BB8525593A9C9D65D6E6B900 /* main.m */; };
		93399C2AF001CC7CA820506A591F99C6 /* XCTest.framework in Frameworks */ = {isa = PBXBuildFile; fileRef = 1414AF7F8D2543DF6DA238BB32F258E2 /* XCTest.framework */; };
		A3BD758D681FFFE094FDDE68E20392C3 /* NSPredicate_VOKAL_Tests.m in Sources */ = {isa = PBXBuildFile; fileRef = 09FEE28427C1277C3D9CD5B1716EF9FF /* NSPredicate_VOKAL_Tests.m */; };
		A922AB203650A638CF03E178468CEE4A /* NSString_VOKValidation_Tests.m in Sources */ = {isa = PBXBuildFile; fileRef = 38D5FDE7C6A774D4D63BE08861719979 /* NSString_VOKValidation_Tests.m */; };
		AAF74A2E8F360E378FF73CF0BF75D32B /* libPods-VOKUtilities-tvOS.a in Frameworks */ = {isa = PBXBuildFile; fileRef = 9B9DDFCBEA320D0945D876D8EFA0E454 /* libPods-VOKUtilities-tvOS.a */; };
		B055004A95DAD2F86284B6A148CC464A /* UIView_VOKDebug_Tests.m in Sources */ = {isa = PBXBuildFile; fileRef = 9FD0E90C9086C74B623837E86F8893F3 /* UIView_VOKDebug_Tests.m */; };
		B4BA3EB758FEF3216A1C13ABF18B546F /* UIView_VOKCircle_Tests.m in Sources */ = {isa = PBXBuildFile; fileRef = 7204D657702E967C62E84EB3DDE5E9C5 /* UIView_VOKCircle_Tests.m */; };
		B80649E6539B2AEC765DE7F59A3D8B58 /* Launch Screen.xib in Resources */ = {isa = PBXBuildFile; fileRef = 8428880378805CF08926FAB186DEAA7D /* Launch Screen.xib */; };
		C08E9D824FDDFD8FF2FA9A2DD46B8207 /* libPods-VOKUtilities.a in Frameworks */ = {isa = PBXBuildFile; fileRef = 7654C9915A23CC1C724E5817757D9CD2 /* libPods-VOKUtilities.a */; };
		C68F32857F07A8C4386D1DD3C8C6194D /* UIView_VOKCircle_Tests.m in Sources */ = {isa = PBXBuildFile; fileRef = 7204D657702E967C62E84EB3DDE5E9C5 /* UIView_VOKCircle_Tests.m */; };
		C7AEC7FAC5DF5050C23E14EB3F0B1660 /* UIKit.framework in Frameworks */ = {isa = PBXBuildFile; fileRef = 135B1F314C9ADE2AFE962AC23EF4E680 /* UIKit.framework */; };
		CB8BA1879BF2D6442AD602BE6DEBE3F3 /* libPods-VOKUtilities-UITests.a in Frameworks */ = {isa = PBXBuildFile; fileRef = 2672D8C9487E58B8556A9E76913F3856 /* libPods-VOKUtilities-UITests.a */; };
		E18633348D706743144B98222999CB4A /* NSNumberFormatter_VOKAL_Tests.m in Sources */ = {isa = PBXBuildFile; fileRef = 57FDD4E0D337F3AC5A11511F64396B2B /* NSNumberFormatter_VOKAL_Tests.m */; };
		E1E41020DCE2111E07532B53A02762F8 /* InfoPlist.strings in Resources */ = {isa = PBXBuildFile; fileRef = 64A536D2BECDE1E3C9125554D817D3DA /* InfoPlist.strings */; };
		ECA11D82737DF4A99D60E235A24329D0 /* NSString_VOKValidation_Tests.m in Sources */ = {isa = PBXBuildFile; fileRef = 38D5FDE7C6A774D4D63BE08861719979 /* NSString_VOKValidation_Tests.m */; };
		EE25B0317ACE82806F29E87895EBEEC9 /* UIColor_VOKAL_Tests.m in Sources */ = {isa = PBXBuildFile; fileRef = 7BB3B7342011ECC58611A62CD7DDEE16 /* UIColor_VOKAL_Tests.m */; };
		F2CD18DB49E94FBBD39CE1CD73E2F842 /* NSCalendar_VOKAL_Tests.m in Sources */ = {isa = PBXBuildFile; fileRef = 81B3EC1E9A081DFD3E84F73606C4FFF9 /* NSCalendar_VOKAL_Tests.m */; };
		FA066F555BAF5195534EDAAE4208689C /* VOKAlertHelper_UITests.m in Sources */ = {isa = PBXBuildFile; fileRef = EA3245BA7936D3912265264E79B268C3 /* VOKAlertHelper_UITests.m */; };
/* End PBXBuildFile section */

/* Begin PBXContainerItemProxy section */
		031B162111CEB883B0F2C02C277BE615 /* PBXContainerItemProxy */ = {
			isa = PBXContainerItemProxy;
			containerPortal = 173BA12A6A91E5EE6D4AE6F03810A4CD /* Project object */;
			proxyType = 1;
			remoteGlobalIDString = 7CA3933B530891BE88AE9AC6A9D3D26D;
			remoteInfo = VOKUtilities;
		};
		CF03491C9BEEA99CB187E25061D2274C /* PBXContainerItemProxy */ = {
			isa = PBXContainerItemProxy;
			containerPortal = 173BA12A6A91E5EE6D4AE6F03810A4CD /* Project object */;
			proxyType = 1;
			remoteGlobalIDString = 7CA3933B530891BE88AE9AC6A9D3D26D;
			remoteInfo = VOKUtilities;
		};
		D822CB9C2FCEF2912F05D3C0AD6C7FBC /* PBXContainerItemProxy */ = {
			isa = PBXContainerItemProxy;
			containerPortal = 173BA12A6A91E5EE6D4AE6F03810A4CD /* Project object */;
			proxyType = 1;
			remoteGlobalIDString = 2592C00B66F969978BF043B7BEB434FA;
			remoteInfo = "VOKUtilities-tvOS";
		};
/* End PBXContainerItemProxy section */

/* Begin PBXCopyFilesBuildPhase section */
		3D78611DF0EE4434036FDE647E950572 /* CopyFiles */ = {
			isa = PBXCopyFilesBuildPhase;
			buildActionMask = 2147483647;
			dstPath = /usr/share/man/man1/;
			dstSubfolderSpec = 0;
			files = (
			);
			runOnlyForDeploymentPostprocessing = 1;
		};
/* End PBXCopyFilesBuildPhase section */

/* Begin PBXFileReference section */
		0239E8D9B313DFB2386AC62A961CA172 /* VOKUtilities-OSX */ = {isa = PBXFileReference; explicitFileType = "compiled.mach-o.executable"; includeInIndex = 0; path = "VOKUtilities-OSX"; sourceTree = BUILT_PRODUCTS_DIR; };
		06CC4F454A8ABD3FDE282DA9D1A2A0A5 /* Info.plist */ = {isa = PBXFileReference; lastKnownFileType = text.plist.xml; path = Info.plist; sourceTree = "<group>"; };
		09FEE28427C1277C3D9CD5B1716EF9FF /* NSPredicate_VOKAL_Tests.m */ = {isa = PBXFileReference; fileEncoding = 4; lastKnownFileType = sourcecode.c.objc; path = NSPredicate_VOKAL_Tests.m; sourceTree = "<group>"; };
		11F5E0180B9240FD939BD8DF293E67E6 /* Info.plist */ = {isa = PBXFileReference; lastKnownFileType = text.plist.xml; path = Info.plist; sourceTree = "<group>"; };
		120F654AF5DE8F532A09C168F72D2F0A /* ViewController.m */ = {isa = PBXFileReference; lastKnownFileType = sourcecode.c.objc; path = ViewController.m; sourceTree = "<group>"; };
		135B1F314C9ADE2AFE962AC23EF4E680 /* UIKit.framework */ = {isa = PBXFileReference; lastKnownFileType = wrapper.framework; name = UIKit.framework; path = System/Library/Frameworks/UIKit.framework; sourceTree = SDKROOT; };
		1414AF7F8D2543DF6DA238BB32F258E2 /* XCTest.framework */ = {isa = PBXFileReference; lastKnownFileType = wrapper.framework; name = XCTest.framework; path = Library/Frameworks/XCTest.framework; sourceTree = DEVELOPER_DIR; };
		1793E1B80CD837881D3C8BB838C43626 /* VOKUtilities.podspec */ = {isa = PBXFileReference; includeInIndex = 1; lastKnownFileType = text; name = VOKUtilities.podspec; path = ../VOKUtilities.podspec; sourceTree = "<group>"; xcLanguageSpecificationIdentifier = xcode.lang.ruby; };
		1F88E78D868C63542B448F2AD800774C /* Pods-VOKUtilities-tvOS.debug.xcconfig */ = {isa = PBXFileReference; includeInIndex = 1; lastKnownFileType = text.xcconfig; name = "Pods-VOKUtilities-tvOS.debug.xcconfig"; path = "Pods/Target Support Files/Pods-VOKUtilities-tvOS/Pods-VOKUtilities-tvOS.debug.xcconfig"; sourceTree = "<group>"; };
		208068955258414E6A43799EE974CEBA /* main.m */ = {isa = PBXFileReference; lastKnownFileType = sourcecode.c.objc; path = main.m; sourceTree = "<group>"; };
		20BE48FF7B95B870F262A31BF373054E /* Assets.xcassets */ = {isa = PBXFileReference; lastKnownFileType = folder.assetcatalog; path = Assets.xcassets; sourceTree = "<group>"; };
		243AE69A2ED0BD1458330FF1FA5F4EB1 /* VOKUtilities-Prefix.pch */ = {isa = PBXFileReference; lastKnownFileType = sourcecode.c.h; path = "VOKUtilities-Prefix.pch"; sourceTree = "<group>"; };
		24926CDA7FBB04AFC767AEF5B9BB7A42 /* CoreGraphics.framework */ = {isa = PBXFileReference; lastKnownFileType = wrapper.framework; name = CoreGraphics.framework; path = System/Library/Frameworks/CoreGraphics.framework; sourceTree = SDKROOT; };
		2672D8C9487E58B8556A9E76913F3856 /* libPods-VOKUtilities-UITests.a */ = {isa = PBXFileReference; explicitFileType = archive.ar; includeInIndex = 0; path = "libPods-VOKUtilities-UITests.a"; sourceTree = BUILT_PRODUCTS_DIR; };
		2AC4DD219F598B789ADD6A95BE6F0CBC /* Tests-tvOS.xctest */ = {isa = PBXFileReference; explicitFileType = wrapper.cfbundle; includeInIndex = 0; path = "Tests-tvOS.xctest"; sourceTree = BUILT_PRODUCTS_DIR; };
		2BEDCE992688B1AD9DC1B29BE1A4110F /* Info.plist */ = {isa = PBXFileReference; lastKnownFileType = text.plist.xml; path = Info.plist; sourceTree = "<group>"; };
		34162771EE911347CD85AE181E8B33FF /* libPods-UITests.a */ = {isa = PBXFileReference; explicitFileType = archive.ar; includeInIndex = 0; path = "libPods-UITests.a"; sourceTree = BUILT_PRODUCTS_DIR; };
		34864754358EBA07330BFA2A4366A3C0 /* Pods-VOKUtilities-OSX-Tests-OSX.release.xcconfig */ = {isa = PBXFileReference; includeInIndex = 1; lastKnownFileType = text.xcconfig; name = "Pods-VOKUtilities-OSX-Tests-OSX.release.xcconfig"; path = "Pods/Target Support Files/Pods-VOKUtilities-OSX-Tests-OSX/Pods-VOKUtilities-OSX-Tests-OSX.release.xcconfig"; sourceTree = "<group>"; };
		34B3FCD9C5060F07079FD94C9F480641 /* Pods-VOKUtilities-UITests.release.xcconfig */ = {isa = PBXFileReference; includeInIndex = 1; lastKnownFileType = text.xcconfig; name = "Pods-VOKUtilities-UITests.release.xcconfig"; path = "Pods/Target Support Files/Pods-VOKUtilities-UITests/Pods-VOKUtilities-UITests.release.xcconfig"; sourceTree = "<group>"; };
		38D5FDE7C6A774D4D63BE08861719979 /* NSString_VOKValidation_Tests.m */ = {isa = PBXFileReference; fileEncoding = 4; lastKnownFileType = sourcecode.c.objc; path = NSString_VOKValidation_Tests.m; sourceTree = "<group>"; };
		3B3A6408D5B0B0128224984F32B569EF /* libPods-Tests-OSX.a */ = {isa = PBXFileReference; explicitFileType = archive.ar; includeInIndex = 0; path = "libPods-Tests-OSX.a"; sourceTree = BUILT_PRODUCTS_DIR; };
		41300325A877D2E149E0FEB2DEF80906 /* Pods-VOKUtilities-tvOS.release.xcconfig */ = {isa = PBXFileReference; includeInIndex = 1; lastKnownFileType = text.xcconfig; name = "Pods-VOKUtilities-tvOS.release.xcconfig"; path = "Pods/Target Support Files/Pods-VOKUtilities-tvOS/Pods-VOKUtilities-tvOS.release.xcconfig"; sourceTree = "<group>"; };
		4FB1A1804D66D20509D274DFEBC1CB6D /* VOKUtilities-Info.plist */ = {isa = PBXFileReference; lastKnownFileType = text.plist.xml; path = "VOKUtilities-Info.plist"; sourceTree = "<group>"; };
		506CB71E7E56BC59F748CEB8F93D5CB5 /* VOKUtilities-tvOS.app */ = {isa = PBXFileReference; explicitFileType = wrapper.application; includeInIndex = 0; path = "VOKUtilities-tvOS.app"; sourceTree = BUILT_PRODUCTS_DIR; };
		51BDC109343039C79604575A3960E060 /* UITests.xctest */ = {isa = PBXFileReference; explicitFileType = wrapper.cfbundle; includeInIndex = 0; path = UITests.xctest; sourceTree = BUILT_PRODUCTS_DIR; };
		51F01D609ECF7FC23D60D5D99476C930 /* libPods-VOKUtilities-tvOS-Tests-tvOS.a */ = {isa = PBXFileReference; explicitFileType = archive.ar; includeInIndex = 0; path = "libPods-VOKUtilities-tvOS-Tests-tvOS.a"; sourceTree = BUILT_PRODUCTS_DIR; };
		57A622A81D619649F75DDE2EE6CEFF36 /* Base */ = {isa = PBXFileReference; lastKnownFileType = file.storyboard; name = Base; path = Base.lproj/Main.storyboard; sourceTree = "<group>"; };
		57FDD4E0D337F3AC5A11511F64396B2B /* NSNumberFormatter_VOKAL_Tests.m */ = {isa = PBXFileReference; fileEncoding = 4; lastKnownFileType = sourcecode.c.objc; path = NSNumberFormatter_VOKAL_Tests.m; sourceTree = "<group>"; };
		5D203223FC626726A02E9E3A9BB0A85F /* Pods-VOKUtilities.debug.xcconfig */ = {isa = PBXFileReference; includeInIndex = 1; lastKnownFileType = text.xcconfig; name = "Pods-VOKUtilities.debug.xcconfig"; path = "Pods/Target Support Files/Pods-VOKUtilities/Pods-VOKUtilities.debug.xcconfig"; sourceTree = "<group>"; };
		663FC58F7A0062944780CF838603620B /* VOKUtilities.app */ = {isa = PBXFileReference; explicitFileType = wrapper.application; includeInIndex = 0; path = VOKUtilities.app; sourceTree = BUILT_PRODUCTS_DIR; };
		6CD2B98C25A86899F736FEF4E148322F /* Foundation.framework */ = {isa = PBXFileReference; lastKnownFileType = wrapper.framework; name = Foundation.framework; path = System/Library/Frameworks/Foundation.framework; sourceTree = SDKROOT; };
		7204D657702E967C62E84EB3DDE5E9C5 /* UIView_VOKCircle_Tests.m */ = {isa = PBXFileReference; fileEncoding = 4; lastKnownFileType = sourcecode.c.objc; path = UIView_VOKCircle_Tests.m; sourceTree = "<group>"; };
		764BDA8BACDC7E825E3B48AB7B6CE77E /* VOKEmailHelper_UITests.m */ = {isa = PBXFileReference; fileEncoding = 4; lastKnownFileType = sourcecode.c.objc; path = VOKEmailHelper_UITests.m; sourceTree = "<group>"; };
		7654C9915A23CC1C724E5817757D9CD2 /* libPods-VOKUtilities.a */ = {isa = PBXFileReference; explicitFileType = archive.ar; includeInIndex = 0; path = "libPods-VOKUtilities.a"; sourceTree = BUILT_PRODUCTS_DIR; };
		7BB3B7342011ECC58611A62CD7DDEE16 /* UIColor_VOKAL_Tests.m */ = {isa = PBXFileReference; lastKnownFileType = sourcecode.c.objc; path = UIColor_VOKAL_Tests.m; sourceTree = "<group>"; };
		7DD33C4D0624B360DF55B4A0B66A5465 /* Pods-VOKUtilities.release.xcconfig */ = {isa = PBXFileReference; includeInIndex = 1; lastKnownFileType = text.xcconfig; name = "Pods-VOKUtilities.release.xcconfig"; path = "Pods/Target Support Files/Pods-VOKUtilities/Pods-VOKUtilities.release.xcconfig"; sourceTree = "<group>"; };
		80046744D2FDCFAF04F4A34B2ADF38E4 /* Pods-VOKUtilities-OSX.release.xcconfig */ = {isa = PBXFileReference; includeInIndex = 1; lastKnownFileType = text.xcconfig; name = "Pods-VOKUtilities-OSX.release.xcconfig"; path = "Pods/Target Support Files/Pods-VOKUtilities-OSX/Pods-VOKUtilities-OSX.release.xcconfig"; sourceTree = "<group>"; };
		81B3EC1E9A081DFD3E84F73606C4FFF9 /* NSCalendar_VOKAL_Tests.m */ = {isa = PBXFileReference; fileEncoding = 4; lastKnownFileType = sourcecode.c.objc; path = NSCalendar_VOKAL_Tests.m; sourceTree = "<group>"; };
		8428880378805CF08926FAB186DEAA7D /* Launch Screen.xib */ = {isa = PBXFileReference; fileEncoding = 4; lastKnownFileType = file.xib; name = "Launch Screen.xib"; path = "../Tests/Launch Screen.xib"; sourceTree = "<group>"; };
		8DD369650F89B53A3EE34BF5F6F3AC6B /* VOKAlertHelper_Tests.m */ = {isa = PBXFileReference; fileEncoding = 4; lastKnownFileType = sourcecode.c.objc; path = VOKAlertHelper_Tests.m; sourceTree = "<group>"; };
		8F63C235044BFE715494785F4A969DE7 /* Pods-VOKUtilities-OSX.debug.xcconfig */ = {isa = PBXFileReference; includeInIndex = 1; lastKnownFileType = text.xcconfig; name = "Pods-VOKUtilities-OSX.debug.xcconfig"; path = "Pods/Target Support Files/Pods-VOKUtilities-OSX/Pods-VOKUtilities-OSX.debug.xcconfig"; sourceTree = "<group>"; };
		95D338A52C82D3F4950BF51B71E2BE73 /* Pods-VOKUtilities-tvOS-Tests-tvOS.release.xcconfig */ = {isa = PBXFileReference; includeInIndex = 1; lastKnownFileType = text.xcconfig; name = "Pods-VOKUtilities-tvOS-Tests-tvOS.release.xcconfig"; path = "Pods/Target Support Files/Pods-VOKUtilities-tvOS-Tests-tvOS/Pods-VOKUtilities-tvOS-Tests-tvOS.release.xcconfig"; sourceTree = "<group>"; };
		97E3AAD05EA689878AF2790C74601314 /* Info.plist */ = {isa = PBXFileReference; lastKnownFileType = text.plist.xml; path = Info.plist; sourceTree = "<group>"; };
		985FAF06CDDC26B6F5FEBD8208432C33 /* Pods-VOKUtilities-OSX-Tests-OSX.debug.xcconfig */ = {isa = PBXFileReference; includeInIndex = 1; lastKnownFileType = text.xcconfig; name = "Pods-VOKUtilities-OSX-Tests-OSX.debug.xcconfig"; path = "Pods/Target Support Files/Pods-VOKUtilities-OSX-Tests-OSX/Pods-VOKUtilities-OSX-Tests-OSX.debug.xcconfig"; sourceTree = "<group>"; };
		9B4E1D9D28A1C431A7D8CA048B8EF552 /* libPods-Tests.a */ = {isa = PBXFileReference; explicitFileType = archive.ar; includeInIndex = 0; path = "libPods-Tests.a"; sourceTree = BUILT_PRODUCTS_DIR; };
		9B9DDFCBEA320D0945D876D8EFA0E454 /* libPods-VOKUtilities-tvOS.a */ = {isa = PBXFileReference; explicitFileType = archive.ar; includeInIndex = 0; path = "libPods-VOKUtilities-tvOS.a"; sourceTree = BUILT_PRODUCTS_DIR; };
		9F5FD5F942C7D939FB8F5800EB3C0854 /* libPods-VOKUtilities-OSX.a */ = {isa = PBXFileReference; explicitFileType = archive.ar; includeInIndex = 0; path = "libPods-VOKUtilities-OSX.a"; sourceTree = BUILT_PRODUCTS_DIR; };
		9FD0E90C9086C74B623837E86F8893F3 /* UIView_VOKDebug_Tests.m */ = {isa = PBXFileReference; fileEncoding = 4; lastKnownFileType = sourcecode.c.objc; path = UIView_VOKDebug_Tests.m; sourceTree = "<group>"; };
		A1B2FF42B0073883959676E05CF20383 /* libPods-VOKUtilities-OSX-Tests-OSX.a */ = {isa = PBXFileReference; explicitFileType = archive.ar; includeInIndex = 0; path = "libPods-VOKUtilities-OSX-Tests-OSX.a"; sourceTree = BUILT_PRODUCTS_DIR; };
		A994C16B7246E172908D4DC8954B9B85 /* VOKAppDelegate.m */ = {isa = PBXFileReference; lastKnownFileType = sourcecode.c.objc; path = VOKAppDelegate.m; sourceTree = "<group>"; };
		AA936DC1D941D75B58380CDE427BEB2A /* main.m */ = {isa = PBXFileReference; lastKnownFileType = sourcecode.c.objc; path = main.m; sourceTree = "<group>"; };
		AF2F72FFF4E1589EB05D34C3165267EE /* Tests-Info.plist */ = {isa = PBXFileReference; lastKnownFileType = text.plist.xml; path = "Tests-Info.plist"; sourceTree = "<group>"; };
		B3A2D7D14F627BD4E168827BA17DB1D3 /* README.md */ = {isa = PBXFileReference; includeInIndex = 1; lastKnownFileType = net.daringfireball.markdown; name = README.md; path = ../README.md; sourceTree = "<group>"; };
		B4316EB70BC4FACE65D71C10EBE4A754 /* Pods-VOKUtilities-tvOS-Tests-tvOS.debug.xcconfig */ = {isa = PBXFileReference; includeInIndex = 1; lastKnownFileType = text.xcconfig; name = "Pods-VOKUtilities-tvOS-Tests-tvOS.debug.xcconfig"; path = "Pods/Target Support Files/Pods-VOKUtilities-tvOS-Tests-tvOS/Pods-VOKUtilities-tvOS-Tests-tvOS.debug.xcconfig"; sourceTree = "<group>"; };
		BB086D8F4109A2A2A6C66784212DADD1 /* AppDelegate.m */ = {isa = PBXFileReference; lastKnownFileType = sourcecode.c.objc; path = AppDelegate.m; sourceTree = "<group>"; };
		BCF5D613930EC4457F251AE98727FAF5 /* Tests-Prefix.pch */ = {isa = PBXFileReference; lastKnownFileType = sourcecode.c.h; path = "Tests-Prefix.pch"; sourceTree = "<group>"; };
		C082F262B8772102EF995F8F737B31C0 /* TestViewController.m */ = {isa = PBXFileReference; fileEncoding = 4; lastKnownFileType = sourcecode.c.objc; path = TestViewController.m; sourceTree = "<group>"; };
		C17071E967154CD9456A6D0F1C3692F1 /* UIView_VOKDebug_UITests.m */ = {isa = PBXFileReference; lastKnownFileType = sourcecode.c.objc; path = UIView_VOKDebug_UITests.m; sourceTree = "<group>"; };
		CE4310B3DAC4174D0A7C1B07A16E3558 /* Pods-VOKUtilities-UITests.debug.xcconfig */ = {isa = PBXFileReference; includeInIndex = 1; lastKnownFileType = text.xcconfig; name = "Pods-VOKUtilities-UITests.debug.xcconfig"; path = "Pods/Target Support Files/Pods-VOKUtilities-UITests/Pods-VOKUtilities-UITests.debug.xcconfig"; sourceTree = "<group>"; };
		CF2E8F1849126C5213B3B9B63C531B87 /* ViewController.h */ = {isa = PBXFileReference; lastKnownFileType = sourcecode.c.h; path = ViewController.h; sourceTree = "<group>"; };
		D41B2812C0679EFFEE1550990A872125 /* LICENSE */ = {isa = PBXFileReference; includeInIndex = 1; lastKnownFileType = text; name = LICENSE; path = ../LICENSE; sourceTree = "<group>"; };
		D80FCEB83D06907EEECCB4E59E640343 /* UIViewController_VOKKeyboard_Tests.m */ = {isa = PBXFileReference; fileEncoding = 4; lastKnownFileType = sourcecode.c.objc; path = UIViewController_VOKKeyboard_Tests.m; sourceTree = "<group>"; };
		DE0B92743B9DDA88B921DD1EB224C3BD /* TestViewController.h */ = {isa = PBXFileReference; fileEncoding = 4; lastKnownFileType = sourcecode.c.h; path = TestViewController.h; sourceTree = "<group>"; };
		E5707297BB8525593A9C9D65D6E6B900 /* main.m */ = {isa = PBXFileReference; lastKnownFileType = sourcecode.c.objc; path = main.m; sourceTree = "<group>"; };
		E7552BEB87465D2E10EF50AAE9FF47A0 /* en */ = {isa = PBXFileReference; lastKnownFileType = text.plist.strings; name = en; path = en.lproj/InfoPlist.strings; sourceTree = "<group>"; };
		EA3245BA7936D3912265264E79B268C3 /* VOKAlertHelper_UITests.m */ = {isa = PBXFileReference; fileEncoding = 4; lastKnownFileType = sourcecode.c.objc; path = VOKAlertHelper_UITests.m; sourceTree = "<group>"; };
		EBAA229BD093805D0AF071C4207442C2 /* AppDelegate.h */ = {isa = PBXFileReference; lastKnownFileType = sourcecode.c.h; path = AppDelegate.h; sourceTree = "<group>"; };
		EC567129692943AF031477472C20E99D /* Tests.xctest */ = {isa = PBXFileReference; explicitFileType = wrapper.cfbundle; includeInIndex = 0; path = Tests.xctest; sourceTree = BUILT_PRODUCTS_DIR; };
		F70EC628505DE650B5BA42383B1F08D1 /* Tests-OSX.xctest */ = {isa = PBXFileReference; explicitFileType = wrapper.cfbundle; includeInIndex = 0; path = "Tests-OSX.xctest"; sourceTree = BUILT_PRODUCTS_DIR; };
		FA8AEB46740D689AD3F96AF62A4A2206 /* en */ = {isa = PBXFileReference; lastKnownFileType = text.plist.strings; name = en; path = en.lproj/InfoPlist.strings; sourceTree = "<group>"; };
		FE547A360A750EDDF66E482164D312D8 /* VOKAppDelegate.h */ = {isa = PBXFileReference; lastKnownFileType = sourcecode.c.h; path = VOKAppDelegate.h; sourceTree = "<group>"; };
/* End PBXFileReference section */

/* Begin PBXFrameworksBuildPhase section */
		69E7E0CDEF78188FAC070AFA350D372B /* Frameworks */ = {
			isa = PBXFrameworksBuildPhase;
			buildActionMask = 2147483647;
			files = (
				0B8ED12CD8AF9F9763B3643D73D46DB5 /* libPods-VOKUtilities-tvOS-Tests-tvOS.a in Frameworks */,
			);
			runOnlyForDeploymentPostprocessing = 0;
		};
		99334927FE3735882F0AB1F48FD436EA /* Frameworks */ = {
			isa = PBXFrameworksBuildPhase;
			buildActionMask = 2147483647;
			files = (
				587E9CC2D7350ED52484C90B1AB4337C /* libPods-VOKUtilities-OSX.a in Frameworks */,
			);
			runOnlyForDeploymentPostprocessing = 0;
		};
		AF334327685969BC4BF6A591FCAE5BF4 /* Frameworks */ = {
			isa = PBXFrameworksBuildPhase;
			buildActionMask = 2147483647;
			files = (
				CB8BA1879BF2D6442AD602BE6DEBE3F3 /* libPods-VOKUtilities-UITests.a in Frameworks */,
			);
			runOnlyForDeploymentPostprocessing = 0;
		};
		BA409C1C15A1F58EAF886BA3029AD651 /* Frameworks */ = {
			isa = PBXFrameworksBuildPhase;
			buildActionMask = 2147483647;
			files = (
				40F952AA033F761173EDDC80E881A223 /* libPods-VOKUtilities-OSX-Tests-OSX.a in Frameworks */,
			);
			runOnlyForDeploymentPostprocessing = 0;
		};
		BC11CC1E5856A04B19BCF227272AE6BD /* Frameworks */ = {
			isa = PBXFrameworksBuildPhase;
			buildActionMask = 2147483647;
			files = (
				2EF8BF9A7382D975A58C9C7104DFF8A7 /* Foundation.framework in Frameworks */,
				C7AEC7FAC5DF5050C23E14EB3F0B1660 /* UIKit.framework in Frameworks */,
				93399C2AF001CC7CA820506A591F99C6 /* XCTest.framework in Frameworks */,
			);
			runOnlyForDeploymentPostprocessing = 0;
		};
		D306CCE0FC7EDB6F38EDD4E2FDFFAB10 /* Frameworks */ = {
			isa = PBXFrameworksBuildPhase;
			buildActionMask = 2147483647;
			files = (
				AAF74A2E8F360E378FF73CF0BF75D32B /* libPods-VOKUtilities-tvOS.a in Frameworks */,
			);
			runOnlyForDeploymentPostprocessing = 0;
		};
		E98B5C33F18F40464298585D6719E708 /* Frameworks */ = {
			isa = PBXFrameworksBuildPhase;
			buildActionMask = 2147483647;
			files = (
				0053277E091BAFE30ABDFAEB7CE28E73 /* CoreGraphics.framework in Frameworks */,
				5A35D91522E68EA1EC370C51492F2688 /* Foundation.framework in Frameworks */,
				3EFA9339B89C87119C873EFB476B6ED3 /* UIKit.framework in Frameworks */,
				C08E9D824FDDFD8FF2FA9A2DD46B8207 /* libPods-VOKUtilities.a in Frameworks */,
			);
			runOnlyForDeploymentPostprocessing = 0;
		};
/* End PBXFrameworksBuildPhase section */

/* Begin PBXGroup section */
		35E9562459EA25E89DEC85EE8D284E1F /* VOKUtilities-tvOS */ = {
			isa = PBXGroup;
			children = (
				3E994E9E1FF2DC3E8C780C8706EA29D5 /* Supporting Files */,
				EBAA229BD093805D0AF071C4207442C2 /* AppDelegate.h */,
				BB086D8F4109A2A2A6C66784212DADD1 /* AppDelegate.m */,
				20BE48FF7B95B870F262A31BF373054E /* Assets.xcassets */,
				06CC4F454A8ABD3FDE282DA9D1A2A0A5 /* Info.plist */,
				149C4EECDD54AC318C09018A3551CD79 /* Main.storyboard */,
				CF2E8F1849126C5213B3B9B63C531B87 /* ViewController.h */,
				120F654AF5DE8F532A09C168F72D2F0A /* ViewController.m */,
			);
			path = "VOKUtilities-tvOS";
			sourceTree = "<group>";
		};
		38681EC238B0D9BCF0C5B3E27996428F /* Supporting Files */ = {
			isa = PBXGroup;
			children = (
				2BEDCE992688B1AD9DC1B29BE1A4110F /* Info.plist */,
			);
			name = "Supporting Files";
			sourceTree = "<group>";
		};
		3E994E9E1FF2DC3E8C780C8706EA29D5 /* Supporting Files */ = {
			isa = PBXGroup;
			children = (
				208068955258414E6A43799EE974CEBA /* main.m */,
			);
			name = "Supporting Files";
			sourceTree = "<group>";
		};
		437A445BA5ADF63473E0781F3A1E91AD /* Products */ = {
			isa = PBXGroup;
			children = (
				0239E8D9B313DFB2386AC62A961CA172 /* VOKUtilities-OSX */,
				F70EC628505DE650B5BA42383B1F08D1 /* Tests-OSX.xctest */,
				2AC4DD219F598B789ADD6A95BE6F0CBC /* Tests-tvOS.xctest */,
				EC567129692943AF031477472C20E99D /* Tests.xctest */,
				51BDC109343039C79604575A3960E060 /* UITests.xctest */,
				506CB71E7E56BC59F748CEB8F93D5CB5 /* VOKUtilities-tvOS.app */,
				663FC58F7A0062944780CF838603620B /* VOKUtilities.app */,
			);
			name = Products;
			sourceTree = "<group>";
		};
		4876219C8A6A6379116AAE7FD790AE9C /* Tests-OSX */ = {
			isa = PBXGroup;
			children = (
				11F5E0180B9240FD939BD8DF293E67E6 /* Info.plist */,
			);
			path = "Tests-OSX";
			sourceTree = "<group>";
		};
		48F5195A0BD209E0D03E61201E98D3F9 /* Supporting Files */ = {
			isa = PBXGroup;
			children = (
				64A536D2BECDE1E3C9125554D817D3DA /* InfoPlist.strings */,
				8428880378805CF08926FAB186DEAA7D /* Launch Screen.xib */,
				4FB1A1804D66D20509D274DFEBC1CB6D /* VOKUtilities-Info.plist */,
				243AE69A2ED0BD1458330FF1FA5F4EB1 /* VOKUtilities-Prefix.pch */,
				E5707297BB8525593A9C9D65D6E6B900 /* main.m */,
			);
			name = "Supporting Files";
			sourceTree = "<group>";
		};
		6C31899DA183E80FB0C244FB7C3E222D /* Frameworks */ = {
			isa = PBXGroup;
			children = (
				24926CDA7FBB04AFC767AEF5B9BB7A42 /* CoreGraphics.framework */,
				6CD2B98C25A86899F736FEF4E148322F /* Foundation.framework */,
				135B1F314C9ADE2AFE962AC23EF4E680 /* UIKit.framework */,
				1414AF7F8D2543DF6DA238BB32F258E2 /* XCTest.framework */,
				3B3A6408D5B0B0128224984F32B569EF /* libPods-Tests-OSX.a */,
				9B4E1D9D28A1C431A7D8CA048B8EF552 /* libPods-Tests.a */,
				34162771EE911347CD85AE181E8B33FF /* libPods-UITests.a */,
				A1B2FF42B0073883959676E05CF20383 /* libPods-VOKUtilities-OSX-Tests-OSX.a */,
				9F5FD5F942C7D939FB8F5800EB3C0854 /* libPods-VOKUtilities-OSX.a */,
				2672D8C9487E58B8556A9E76913F3856 /* libPods-VOKUtilities-UITests.a */,
				51F01D609ECF7FC23D60D5D99476C930 /* libPods-VOKUtilities-tvOS-Tests-tvOS.a */,
				9B9DDFCBEA320D0945D876D8EFA0E454 /* libPods-VOKUtilities-tvOS.a */,
				7654C9915A23CC1C724E5817757D9CD2 /* libPods-VOKUtilities.a */,
			);
			name = Frameworks;
			sourceTree = "<group>";
		};
		70BBE9C2BD2B1E455FC52ECCAD471D04 /* UITests */ = {
			isa = PBXGroup;
			children = (
				38681EC238B0D9BCF0C5B3E27996428F /* Supporting Files */,
				C17071E967154CD9456A6D0F1C3692F1 /* UIView_VOKDebug_UITests.m */,
				EA3245BA7936D3912265264E79B268C3 /* VOKAlertHelper_UITests.m */,
				764BDA8BACDC7E825E3B48AB7B6CE77E /* VOKEmailHelper_UITests.m */,
			);
			path = UITests;
			sourceTree = "<group>";
		};
		7CC8F5330184AA24D1C85C4555CAD942 /* Supporting Files */ = {
			isa = PBXGroup;
			children = (
				189C69E5C7BB81B5DA6529C87719C553 /* InfoPlist.strings */,
				AF2F72FFF4E1589EB05D34C3165267EE /* Tests-Info.plist */,
				BCF5D613930EC4457F251AE98727FAF5 /* Tests-Prefix.pch */,
			);
			name = "Supporting Files";
			sourceTree = "<group>";
		};
		7EEBDB8A362E1BFD236B2A113ACE2BDC = {
			isa = PBXGroup;
			children = (
				6C31899DA183E80FB0C244FB7C3E222D /* Frameworks */,
				90F0A3B3B8828F61ECDBC37E18FA2567 /* Pods */,
				ED870DB805325931554AE10382512E09 /* Podspec Metadata */,
				437A445BA5ADF63473E0781F3A1E91AD /* Products */,
				C892AAE855053F8DEA6457F1EE4F0456 /* Tests */,
				4876219C8A6A6379116AAE7FD790AE9C /* Tests-OSX */,
				A06B0AFC8E0AC849A8989E85454D0099 /* Tests-tvOS */,
				70BBE9C2BD2B1E455FC52ECCAD471D04 /* UITests */,
				F2C1E16840103910EB8E35DEEF50D8D6 /* VOKUtilities */,
				A0AA25F7358F80BA78EF4B1C53F81E90 /* VOKUtilities-OSX */,
				35E9562459EA25E89DEC85EE8D284E1F /* VOKUtilities-tvOS */,
			);
			sourceTree = "<group>";
		};
		90F0A3B3B8828F61ECDBC37E18FA2567 /* Pods */ = {
			isa = PBXGroup;
			children = (
				985FAF06CDDC26B6F5FEBD8208432C33 /* Pods-VOKUtilities-OSX-Tests-OSX.debug.xcconfig */,
				34864754358EBA07330BFA2A4366A3C0 /* Pods-VOKUtilities-OSX-Tests-OSX.release.xcconfig */,
				8F63C235044BFE715494785F4A969DE7 /* Pods-VOKUtilities-OSX.debug.xcconfig */,
				80046744D2FDCFAF04F4A34B2ADF38E4 /* Pods-VOKUtilities-OSX.release.xcconfig */,
				CE4310B3DAC4174D0A7C1B07A16E3558 /* Pods-VOKUtilities-UITests.debug.xcconfig */,
				34B3FCD9C5060F07079FD94C9F480641 /* Pods-VOKUtilities-UITests.release.xcconfig */,
				B4316EB70BC4FACE65D71C10EBE4A754 /* Pods-VOKUtilities-tvOS-Tests-tvOS.debug.xcconfig */,
				95D338A52C82D3F4950BF51B71E2BE73 /* Pods-VOKUtilities-tvOS-Tests-tvOS.release.xcconfig */,
				1F88E78D868C63542B448F2AD800774C /* Pods-VOKUtilities-tvOS.debug.xcconfig */,
				41300325A877D2E149E0FEB2DEF80906 /* Pods-VOKUtilities-tvOS.release.xcconfig */,
				5D203223FC626726A02E9E3A9BB0A85F /* Pods-VOKUtilities.debug.xcconfig */,
				7DD33C4D0624B360DF55B4A0B66A5465 /* Pods-VOKUtilities.release.xcconfig */,
			);
			name = Pods;
			sourceTree = "<group>";
		};
		A06B0AFC8E0AC849A8989E85454D0099 /* Tests-tvOS */ = {
			isa = PBXGroup;
			children = (
				97E3AAD05EA689878AF2790C74601314 /* Info.plist */,
			);
			path = "Tests-tvOS";
			sourceTree = "<group>";
		};
		A0AA25F7358F80BA78EF4B1C53F81E90 /* VOKUtilities-OSX */ = {
			isa = PBXGroup;
			children = (
				AA936DC1D941D75B58380CDE427BEB2A /* main.m */,
			);
			path = "VOKUtilities-OSX";
			sourceTree = "<group>";
		};
		C892AAE855053F8DEA6457F1EE4F0456 /* Tests */ = {
			isa = PBXGroup;
			children = (
				7CC8F5330184AA24D1C85C4555CAD942 /* Supporting Files */,
				81B3EC1E9A081DFD3E84F73606C4FFF9 /* NSCalendar_VOKAL_Tests.m */,
				57FDD4E0D337F3AC5A11511F64396B2B /* NSNumberFormatter_VOKAL_Tests.m */,
				09FEE28427C1277C3D9CD5B1716EF9FF /* NSPredicate_VOKAL_Tests.m */,
				38D5FDE7C6A774D4D63BE08861719979 /* NSString_VOKValidation_Tests.m */,
				7BB3B7342011ECC58611A62CD7DDEE16 /* UIColor_VOKAL_Tests.m */,
				D80FCEB83D06907EEECCB4E59E640343 /* UIViewController_VOKKeyboard_Tests.m */,
				7204D657702E967C62E84EB3DDE5E9C5 /* UIView_VOKCircle_Tests.m */,
				9FD0E90C9086C74B623837E86F8893F3 /* UIView_VOKDebug_Tests.m */,
				8DD369650F89B53A3EE34BF5F6F3AC6B /* VOKAlertHelper_Tests.m */,
			);
			path = Tests;
			sourceTree = "<group>";
		};
		ED870DB805325931554AE10382512E09 /* Podspec Metadata */ = {
			isa = PBXGroup;
			children = (
				D41B2812C0679EFFEE1550990A872125 /* LICENSE */,
				B3A2D7D14F627BD4E168827BA17DB1D3 /* README.md */,
				1793E1B80CD837881D3C8BB838C43626 /* VOKUtilities.podspec */,
			);
			name = "Podspec Metadata";
			sourceTree = "<group>";
		};
		F2C1E16840103910EB8E35DEEF50D8D6 /* VOKUtilities */ = {
			isa = PBXGroup;
			children = (
				48F5195A0BD209E0D03E61201E98D3F9 /* Supporting Files */,
				DE0B92743B9DDA88B921DD1EB224C3BD /* TestViewController.h */,
				C082F262B8772102EF995F8F737B31C0 /* TestViewController.m */,
				FE547A360A750EDDF66E482164D312D8 /* VOKAppDelegate.h */,
				A994C16B7246E172908D4DC8954B9B85 /* VOKAppDelegate.m */,
			);
			path = VOKUtilities;
			sourceTree = "<group>";
		};
/* End PBXGroup section */

/* Begin PBXNativeTarget section */
		0FE8AE4C42948F6E01DD688F1190501D /* UITests */ = {
			isa = PBXNativeTarget;
			buildConfigurationList = 450E9E4E97A28F431103DD991FBBED0C /* Build configuration list for PBXNativeTarget "UITests" */;
			buildPhases = (
				258B27A51C3867CAB42BE986B1CE555E /* Check Pods Manifest.lock */,
				718F0B3302177ABD0FD654A04047E54D /* Sources */,
				AF334327685969BC4BF6A591FCAE5BF4 /* Frameworks */,
				39C5F72561448B3048D047D7DB526445 /* Resources */,
				7F064390DE4436546720CABD89045CE3 /* Copy Pods Resources */,
				2F938492AE38480CC99C77EE5D96F186 /* Embed Pods Frameworks */,
			);
			buildRules = (
			);
			dependencies = (
				412E8842E7B04E94C191E6A84F8AD71C /* PBXTargetDependency */,
			);
			name = UITests;
			productName = UITests;
			productReference = 51BDC109343039C79604575A3960E060 /* UITests.xctest */;
			productType = "com.apple.product-type.bundle.unit-test";
		};
		2592C00B66F969978BF043B7BEB434FA /* VOKUtilities-tvOS */ = {
			isa = PBXNativeTarget;
			buildConfigurationList = 21467F06BA859B3FDF3CF1DE41E4BF8F /* Build configuration list for PBXNativeTarget "VOKUtilities-tvOS" */;
			buildPhases = (
				D110D0DE40F2A5CE2A7682A61DB59575 /* Check Pods Manifest.lock */,
				637465CE75EE27F59842F47A205DB1EC /* Sources */,
				D306CCE0FC7EDB6F38EDD4E2FDFFAB10 /* Frameworks */,
				1B2EEC7486962DD7B5A59E3518E94049 /* Resources */,
				C4368C1F80E2357A1D7759003F910015 /* Embed Pods Frameworks */,
				DA87B3AFFC4C60D884441A1E5736404C /* Copy Pods Resources */,
			);
			buildRules = (
			);
			dependencies = (
			);
			name = "VOKUtilities-tvOS";
			productName = "VOKUtilities-tvOS";
			productReference = 506CB71E7E56BC59F748CEB8F93D5CB5 /* VOKUtilities-tvOS.app */;
			productType = "com.apple.product-type.application";
		};
		77AEA97F928530117E076CB03353ECCC /* Tests-OSX */ = {
			isa = PBXNativeTarget;
			buildConfigurationList = D57E1C23BBDFD20A6C5171E7FDAA6BAD /* Build configuration list for PBXNativeTarget "Tests-OSX" */;
			buildPhases = (
				7B0F272592F37EFAC497F4AD0C933AE1 /* Check Pods Manifest.lock */,
				E72AE795AA70DF80555FE0B46EC73F9B /* Sources */,
				BA409C1C15A1F58EAF886BA3029AD651 /* Frameworks */,
				F3817FA1229584D7544CEB84E7492A04 /* Resources */,
				0EF3B3C34347072DE1499A09D16A6566 /* Embed Pods Frameworks */,
				1AA822B73FC37DD50D78592EAC6AD991 /* Copy Pods Resources */,
			);
			buildRules = (
			);
			dependencies = (
			);
			name = "Tests-OSX";
			productName = "Tests-OSX";
			productReference = F70EC628505DE650B5BA42383B1F08D1 /* Tests-OSX.xctest */;
			productType = "com.apple.product-type.bundle.unit-test";
		};
		7B54E520894719930E76479C803DDF4B /* Tests-tvOS */ = {
			isa = PBXNativeTarget;
			buildConfigurationList = 035C1D2B283E1B5BADCCEDBB5D71D493 /* Build configuration list for PBXNativeTarget "Tests-tvOS" */;
			buildPhases = (
				D1B986370846643405C21A6232239CD9 /* Check Pods Manifest.lock */,
				1C4751B71A7B9D6BF99E515E57E120AB /* Sources */,
				69E7E0CDEF78188FAC070AFA350D372B /* Frameworks */,
				B5F5988D5DD4F30EA23044CF16F39B9D /* Resources */,
				D9C2A6F3E9F9278B2AD04ED3DA5CD33D /* Embed Pods Frameworks */,
				799B46C337D75F050228E6DDCAF66C9B /* Copy Pods Resources */,
			);
			buildRules = (
			);
			dependencies = (
				08B6600F76FDF837E6B14295F7E87CF1 /* PBXTargetDependency */,
			);
			name = "Tests-tvOS";
			productName = "Tests-tvOS";
			productReference = 2AC4DD219F598B789ADD6A95BE6F0CBC /* Tests-tvOS.xctest */;
			productType = "com.apple.product-type.bundle.unit-test";
		};
		7CA3933B530891BE88AE9AC6A9D3D26D /* VOKUtilities */ = {
			isa = PBXNativeTarget;
			buildConfigurationList = 71E6A39317B1DAFB22F6FC4307FFFC89 /* Build configuration list for PBXNativeTarget "VOKUtilities" */;
			buildPhases = (
				24F23F459D25A758BC3C893518D789C9 /* Check Pods Manifest.lock */,
				7B735B4F1696852ED7F2583EC7F99F25 /* Sources */,
				E98B5C33F18F40464298585D6719E708 /* Frameworks */,
				15A27A23ED62A0BA11F8DB5E62DB2905 /* Resources */,
				BC5188D4E235F708D01AE7F061C3A46A /* Copy Pods Resources */,
				3A751D011FD8167E6F1BEC664909F654 /* Embed Pods Frameworks */,
			);
			buildRules = (
			);
			dependencies = (
			);
			name = VOKUtilities;
			productName = VOKUtilities;
			productReference = 663FC58F7A0062944780CF838603620B /* VOKUtilities.app */;
			productType = "com.apple.product-type.application";
		};
		91AF48AB6ABCD9D2C72AC18C2B29D373 /* VOKUtilities-OSX */ = {
			isa = PBXNativeTarget;
			buildConfigurationList = 5D56F88A6B9B0F89C26298F3A485F4A9 /* Build configuration list for PBXNativeTarget "VOKUtilities-OSX" */;
			buildPhases = (
				C0CF9B484FE0DC883E9CCC6BA9161DB8 /* Check Pods Manifest.lock */,
				3C9F4F73FE82C5566F481A3DC0357EB1 /* Sources */,
				99334927FE3735882F0AB1F48FD436EA /* Frameworks */,
				3D78611DF0EE4434036FDE647E950572 /* CopyFiles */,
				5AEF100A5F16C1F61E44554B7B077183 /* Copy Pods Resources */,
			);
			buildRules = (
			);
			dependencies = (
			);
			name = "VOKUtilities-OSX";
			productName = "VOKUtilities-OSX";
			productReference = 0239E8D9B313DFB2386AC62A961CA172 /* VOKUtilities-OSX */;
			productType = "com.apple.product-type.tool";
		};
		EF45837D9703D909959FA55BAE72D405 /* Tests */ = {
			isa = PBXNativeTarget;
			buildConfigurationList = D3FE8680E7CD441D227E4FB803E56E57 /* Build configuration list for PBXNativeTarget "Tests" */;
			buildPhases = (
				66D7A4297C375DB391743D0780DC319F /* Check Pods Manifest.lock */,
				2783A2DDABC7EF418B6F32E05EEEF9EC /* Sources */,
				BC11CC1E5856A04B19BCF227272AE6BD /* Frameworks */,
				659EB1A68B03F349E82DC9721F50800A /* Resources */,
				AEDBF84442BE9BF10F35231FD5F2078A /* Copy Pods Resources */,
				0FD604EBE1B7E92F6F4C47088742F9B8 /* Embed Pods Frameworks */,
			);
			buildRules = (
			);
			dependencies = (
				20B5C46FB779241F0E6EB04A03B56F68 /* PBXTargetDependency */,
			);
			name = Tests;
			productName = VOKUtilitiesTests;
			productReference = EC567129692943AF031477472C20E99D /* Tests.xctest */;
			productType = "com.apple.product-type.bundle.unit-test";
		};
/* End PBXNativeTarget section */

/* Begin PBXProject section */
		173BA12A6A91E5EE6D4AE6F03810A4CD /* Project object */ = {
			isa = PBXProject;
			attributes = {
				CLASSPREFIX = "";
				LastUpgradeCheck = 0700;
				ORGANIZATIONNAME = Vokal;
				TargetAttributes = {
					0FE8AE4C42948F6E01DD688F1190501D = {
						CreatedOnToolsVersion = 6.3.1;
						TestTargetID = 7CA3933B530891BE88AE9AC6A9D3D26D;
					};
					2592C00B66F969978BF043B7BEB434FA = {
						CreatedOnToolsVersion = 7.2.1;
					};
					77AEA97F928530117E076CB03353ECCC = {
						CreatedOnToolsVersion = 7.2.1;
					};
					7B54E520894719930E76479C803DDF4B = {
						CreatedOnToolsVersion = 7.2.1;
						TestTargetID = 2592C00B66F969978BF043B7BEB434FA;
					};
					91AF48AB6ABCD9D2C72AC18C2B29D373 = {
						CreatedOnToolsVersion = 7.2.1;
					};
					EF45837D9703D909959FA55BAE72D405 = {
						TestTargetID = 7CA3933B530891BE88AE9AC6A9D3D26D;
					};
				};
			};
			buildConfigurationList = A180C7D61796989FD16088108F3C96CF /* Build configuration list for PBXProject "VOKUtilities" */;
			compatibilityVersion = "Xcode 3.2";
			developmentRegion = English;
			hasScannedForEncodings = 0;
			knownRegions = (
				en,
				Base,
			);
			mainGroup = 7EEBDB8A362E1BFD236B2A113ACE2BDC;
			productRefGroup = 437A445BA5ADF63473E0781F3A1E91AD /* Products */;
			projectDirPath = "";
			projectRoot = "";
			targets = (
				7CA3933B530891BE88AE9AC6A9D3D26D /* VOKUtilities */,
				91AF48AB6ABCD9D2C72AC18C2B29D373 /* VOKUtilities-OSX */,
				2592C00B66F969978BF043B7BEB434FA /* VOKUtilities-tvOS */,
				EF45837D9703D909959FA55BAE72D405 /* Tests */,
				0FE8AE4C42948F6E01DD688F1190501D /* UITests */,
				77AEA97F928530117E076CB03353ECCC /* Tests-OSX */,
				7B54E520894719930E76479C803DDF4B /* Tests-tvOS */,
			);
		};
/* End PBXProject section */

/* Begin PBXResourcesBuildPhase section */
		15A27A23ED62A0BA11F8DB5E62DB2905 /* Resources */ = {
			isa = PBXResourcesBuildPhase;
			buildActionMask = 2147483647;
			files = (
				E1E41020DCE2111E07532B53A02762F8 /* InfoPlist.strings in Resources */,
				B80649E6539B2AEC765DE7F59A3D8B58 /* Launch Screen.xib in Resources */,
			);
			runOnlyForDeploymentPostprocessing = 0;
		};
		1B2EEC7486962DD7B5A59E3518E94049 /* Resources */ = {
			isa = PBXResourcesBuildPhase;
			buildActionMask = 2147483647;
			files = (
				5D29FBAAC2372A2B7E30036A57D4D9AF /* Assets.xcassets in Resources */,
				638EF0F70C3449A50D7699D2048E4388 /* Main.storyboard in Resources */,
			);
			runOnlyForDeploymentPostprocessing = 0;
		};
		39C5F72561448B3048D047D7DB526445 /* Resources */ = {
			isa = PBXResourcesBuildPhase;
			buildActionMask = 2147483647;
			files = (
			);
			runOnlyForDeploymentPostprocessing = 0;
		};
		659EB1A68B03F349E82DC9721F50800A /* Resources */ = {
			isa = PBXResourcesBuildPhase;
			buildActionMask = 2147483647;
			files = (
				2DB1DDCB4DFAD0F456DD71758947C216 /* InfoPlist.strings in Resources */,
			);
			runOnlyForDeploymentPostprocessing = 0;
		};
		B5F5988D5DD4F30EA23044CF16F39B9D /* Resources */ = {
			isa = PBXResourcesBuildPhase;
			buildActionMask = 2147483647;
			files = (
			);
			runOnlyForDeploymentPostprocessing = 0;
		};
		F3817FA1229584D7544CEB84E7492A04 /* Resources */ = {
			isa = PBXResourcesBuildPhase;
			buildActionMask = 2147483647;
			files = (
			);
			runOnlyForDeploymentPostprocessing = 0;
		};
/* End PBXResourcesBuildPhase section */

/* Begin PBXShellScriptBuildPhase section */
		0EF3B3C34347072DE1499A09D16A6566 /* Embed Pods Frameworks */ = {
			isa = PBXShellScriptBuildPhase;
			buildActionMask = 2147483647;
			files = (
			);
			inputPaths = (
			);
			name = "Embed Pods Frameworks";
			outputPaths = (
			);
			runOnlyForDeploymentPostprocessing = 0;
			shellPath = /bin/sh;
			shellScript = "\"${SRCROOT}/Pods/Target Support Files/Pods-VOKUtilities-OSX-Tests-OSX/Pods-VOKUtilities-OSX-Tests-OSX-frameworks.sh\"\n";
			showEnvVarsInLog = 0;
		};
		1AA822B73FC37DD50D78592EAC6AD991 /* Copy Pods Resources */ = {
			isa = PBXShellScriptBuildPhase;
			buildActionMask = 2147483647;
			files = (
			);
			inputPaths = (
			);
			name = "Copy Pods Resources";
			outputPaths = (
			);
			runOnlyForDeploymentPostprocessing = 0;
			shellPath = /bin/sh;
			shellScript = "\"${SRCROOT}/Pods/Target Support Files/Pods-VOKUtilities-OSX-Tests-OSX/Pods-VOKUtilities-OSX-Tests-OSX-resources.sh\"\n";
			showEnvVarsInLog = 0;
		};
		24F23F459D25A758BC3C893518D789C9 /* Check Pods Manifest.lock */ = {
			isa = PBXShellScriptBuildPhase;
			buildActionMask = 2147483647;
			files = (
			);
			inputPaths = (
			);
			name = "Check Pods Manifest.lock";
			outputPaths = (
			);
			runOnlyForDeploymentPostprocessing = 0;
			shellPath = /bin/sh;
			shellScript = "diff \"${PODS_ROOT}/../Podfile.lock\" \"${PODS_ROOT}/Manifest.lock\" > /dev/null\nif [[ $? != 0 ]] ; then\n    cat << EOM\nerror: The sandbox is not in sync with the Podfile.lock. Run 'pod install' or update your CocoaPods installation.\nEOM\n    exit 1\nfi\n";
			showEnvVarsInLog = 0;
		};
		258B27A51C3867CAB42BE986B1CE555E /* Check Pods Manifest.lock */ = {
			isa = PBXShellScriptBuildPhase;
			buildActionMask = 2147483647;
			files = (
			);
			inputPaths = (
			);
			name = "Check Pods Manifest.lock";
			outputPaths = (
			);
			runOnlyForDeploymentPostprocessing = 0;
			shellPath = /bin/sh;
			shellScript = "diff \"${PODS_ROOT}/../Podfile.lock\" \"${PODS_ROOT}/Manifest.lock\" > /dev/null\nif [[ $? != 0 ]] ; then\n    cat << EOM\nerror: The sandbox is not in sync with the Podfile.lock. Run 'pod install' or update your CocoaPods installation.\nEOM\n    exit 1\nfi\n";
			showEnvVarsInLog = 0;
		};
		2F938492AE38480CC99C77EE5D96F186 /* Embed Pods Frameworks */ = {
			isa = PBXShellScriptBuildPhase;
			buildActionMask = 2147483647;
			files = (
			);
			inputPaths = (
			);
			name = "Embed Pods Frameworks";
			outputPaths = (
			);
			runOnlyForDeploymentPostprocessing = 0;
			shellPath = /bin/sh;
			shellScript = "\"${SRCROOT}/Pods/Target Support Files/Pods-VOKUtilities-UITests/Pods-VOKUtilities-UITests-frameworks.sh\"\n";
			showEnvVarsInLog = 0;
		};
		3A751D011FD8167E6F1BEC664909F654 /* Embed Pods Frameworks */ = {
			isa = PBXShellScriptBuildPhase;
			buildActionMask = 2147483647;
			files = (
			);
			inputPaths = (
			);
			name = "Embed Pods Frameworks";
			outputPaths = (
			);
			runOnlyForDeploymentPostprocessing = 0;
			shellPath = /bin/sh;
			shellScript = "\"${SRCROOT}/Pods/Target Support Files/Pods-VOKUtilities/Pods-VOKUtilities-frameworks.sh\"\n";
			showEnvVarsInLog = 0;
		};
		5AEF100A5F16C1F61E44554B7B077183 /* Copy Pods Resources */ = {
			isa = PBXShellScriptBuildPhase;
			buildActionMask = 2147483647;
			files = (
			);
			inputPaths = (
			);
			name = "Copy Pods Resources";
			outputPaths = (
			);
			runOnlyForDeploymentPostprocessing = 0;
			shellPath = /bin/sh;
			shellScript = "\"${SRCROOT}/Pods/Target Support Files/Pods-VOKUtilities-OSX/Pods-VOKUtilities-OSX-resources.sh\"\n";
			showEnvVarsInLog = 0;
		};
		66D7A4297C375DB391743D0780DC319F /* Check Pods Manifest.lock */ = {
			isa = PBXShellScriptBuildPhase;
			buildActionMask = 2147483647;
			files = (
			);
			inputPaths = (
			);
			name = "Check Pods Manifest.lock";
			outputPaths = (
			);
			runOnlyForDeploymentPostprocessing = 0;
			shellPath = /bin/sh;
			shellScript = "diff \"${PODS_ROOT}/../Podfile.lock\" \"${PODS_ROOT}/Manifest.lock\" > /dev/null\nif [[ $? != 0 ]] ; then\n    cat << EOM\nerror: The sandbox is not in sync with the Podfile.lock. Run 'pod install' or update your CocoaPods installation.\nEOM\n    exit 1\nfi\n";
			showEnvVarsInLog = 0;
		};
		799B46C337D75F050228E6DDCAF66C9B /* Copy Pods Resources */ = {
			isa = PBXShellScriptBuildPhase;
			buildActionMask = 2147483647;
			files = (
			);
			inputPaths = (
			);
			name = "Copy Pods Resources";
			outputPaths = (
			);
			runOnlyForDeploymentPostprocessing = 0;
			shellPath = /bin/sh;
			shellScript = "\"${SRCROOT}/Pods/Target Support Files/Pods-VOKUtilities-tvOS-Tests-tvOS/Pods-VOKUtilities-tvOS-Tests-tvOS-resources.sh\"\n";
			showEnvVarsInLog = 0;
		};
		7B0F272592F37EFAC497F4AD0C933AE1 /* Check Pods Manifest.lock */ = {
			isa = PBXShellScriptBuildPhase;
			buildActionMask = 2147483647;
			files = (
			);
			inputPaths = (
			);
			name = "Check Pods Manifest.lock";
			outputPaths = (
			);
			runOnlyForDeploymentPostprocessing = 0;
			shellPath = /bin/sh;
			shellScript = "diff \"${PODS_ROOT}/../Podfile.lock\" \"${PODS_ROOT}/Manifest.lock\" > /dev/null\nif [[ $? != 0 ]] ; then\n    cat << EOM\nerror: The sandbox is not in sync with the Podfile.lock. Run 'pod install' or update your CocoaPods installation.\nEOM\n    exit 1\nfi\n";
			showEnvVarsInLog = 0;
		};
		7F064390DE4436546720CABD89045CE3 /* Copy Pods Resources */ = {
			isa = PBXShellScriptBuildPhase;
			buildActionMask = 2147483647;
			files = (
			);
			inputPaths = (
			);
			name = "Copy Pods Resources";
			outputPaths = (
			);
			runOnlyForDeploymentPostprocessing = 0;
			shellPath = /bin/sh;
			shellScript = "\"${SRCROOT}/Pods/Target Support Files/Pods-VOKUtilities-UITests/Pods-VOKUtilities-UITests-resources.sh\"\n";
			showEnvVarsInLog = 0;
		};
		0FD604EBE1B7E92F6F4C47088742F9B8 /* Embed Pods Frameworks */ = {
			isa = PBXShellScriptBuildPhase;
			buildActionMask = 2147483647;
			files = (
			);
			inputPaths = (
			);
			name = "Embed Pods Frameworks";
			outputPaths = (
			);
			runOnlyForDeploymentPostprocessing = 0;
			shellPath = /bin/sh;
			shellScript = "\"${SRCROOT}/Pods/Target Support Files/Pods-VOKUtilities-Tests/Pods-VOKUtilities-Tests-frameworks.sh\"\n";
			showEnvVarsInLog = 0;
		};
		BC5188D4E235F708D01AE7F061C3A46A /* Copy Pods Resources */ = {
			isa = PBXShellScriptBuildPhase;
			buildActionMask = 2147483647;
			files = (
			);
			inputPaths = (
			);
			name = "Copy Pods Resources";
			outputPaths = (
			);
			runOnlyForDeploymentPostprocessing = 0;
			shellPath = /bin/sh;
			shellScript = "\"${SRCROOT}/Pods/Target Support Files/Pods-VOKUtilities/Pods-VOKUtilities-resources.sh\"\n";
			showEnvVarsInLog = 0;
		};
		C0CF9B484FE0DC883E9CCC6BA9161DB8 /* Check Pods Manifest.lock */ = {
			isa = PBXShellScriptBuildPhase;
			buildActionMask = 2147483647;
			files = (
			);
			inputPaths = (
			);
			name = "Check Pods Manifest.lock";
			outputPaths = (
			);
			runOnlyForDeploymentPostprocessing = 0;
			shellPath = /bin/sh;
			shellScript = "diff \"${PODS_ROOT}/../Podfile.lock\" \"${PODS_ROOT}/Manifest.lock\" > /dev/null\nif [[ $? != 0 ]] ; then\n    cat << EOM\nerror: The sandbox is not in sync with the Podfile.lock. Run 'pod install' or update your CocoaPods installation.\nEOM\n    exit 1\nfi\n";
			showEnvVarsInLog = 0;
		};
		C4368C1F80E2357A1D7759003F910015 /* Embed Pods Frameworks */ = {
			isa = PBXShellScriptBuildPhase;
			buildActionMask = 2147483647;
			files = (
			);
			inputPaths = (
			);
			name = "Embed Pods Frameworks";
			outputPaths = (
			);
			runOnlyForDeploymentPostprocessing = 0;
			shellPath = /bin/sh;
			shellScript = "\"${SRCROOT}/Pods/Target Support Files/Pods-VOKUtilities-tvOS/Pods-VOKUtilities-tvOS-frameworks.sh\"\n";
			showEnvVarsInLog = 0;
		};
		D110D0DE40F2A5CE2A7682A61DB59575 /* Check Pods Manifest.lock */ = {
			isa = PBXShellScriptBuildPhase;
			buildActionMask = 2147483647;
			files = (
			);
			inputPaths = (
			);
			name = "Check Pods Manifest.lock";
			outputPaths = (
			);
			runOnlyForDeploymentPostprocessing = 0;
			shellPath = /bin/sh;
			shellScript = "diff \"${PODS_ROOT}/../Podfile.lock\" \"${PODS_ROOT}/Manifest.lock\" > /dev/null\nif [[ $? != 0 ]] ; then\n    cat << EOM\nerror: The sandbox is not in sync with the Podfile.lock. Run 'pod install' or update your CocoaPods installation.\nEOM\n    exit 1\nfi\n";
			showEnvVarsInLog = 0;
		};
		D1B986370846643405C21A6232239CD9 /* Check Pods Manifest.lock */ = {
			isa = PBXShellScriptBuildPhase;
			buildActionMask = 2147483647;
			files = (
			);
			inputPaths = (
			);
			name = "Check Pods Manifest.lock";
			outputPaths = (
			);
			runOnlyForDeploymentPostprocessing = 0;
			shellPath = /bin/sh;
			shellScript = "diff \"${PODS_ROOT}/../Podfile.lock\" \"${PODS_ROOT}/Manifest.lock\" > /dev/null\nif [[ $? != 0 ]] ; then\n    cat << EOM\nerror: The sandbox is not in sync with the Podfile.lock. Run 'pod install' or update your CocoaPods installation.\nEOM\n    exit 1\nfi\n";
			showEnvVarsInLog = 0;
		};
		D9C2A6F3E9F9278B2AD04ED3DA5CD33D /* Embed Pods Frameworks */ = {
			isa = PBXShellScriptBuildPhase;
			buildActionMask = 2147483647;
			files = (
			);
			inputPaths = (
			);
			name = "Embed Pods Frameworks";
			outputPaths = (
			);
			runOnlyForDeploymentPostprocessing = 0;
			shellPath = /bin/sh;
			shellScript = "\"${SRCROOT}/Pods/Target Support Files/Pods-VOKUtilities-tvOS-Tests-tvOS/Pods-VOKUtilities-tvOS-Tests-tvOS-frameworks.sh\"\n";
			showEnvVarsInLog = 0;
		};
		DA87B3AFFC4C60D884441A1E5736404C /* Copy Pods Resources */ = {
			isa = PBXShellScriptBuildPhase;
			buildActionMask = 2147483647;
			files = (
			);
			inputPaths = (
			);
			name = "Copy Pods Resources";
			outputPaths = (
			);
			runOnlyForDeploymentPostprocessing = 0;
			shellPath = /bin/sh;
			shellScript = "\"${SRCROOT}/Pods/Target Support Files/Pods-VOKUtilities-tvOS/Pods-VOKUtilities-tvOS-resources.sh\"\n";
			showEnvVarsInLog = 0;
		};
		AEDBF84442BE9BF10F35231FD5F2078A /* Copy Pods Resources */ = {
			isa = PBXShellScriptBuildPhase;
			buildActionMask = 2147483647;
			files = (
			);
			inputPaths = (
			);
			name = "Copy Pods Resources";
			outputPaths = (
			);
			runOnlyForDeploymentPostprocessing = 0;
			shellPath = /bin/sh;
			shellScript = "\"${SRCROOT}/Pods/Target Support Files/Pods-VOKUtilities-Tests/Pods-VOKUtilities-Tests-resources.sh\"\n";
			showEnvVarsInLog = 0;
		};
/* End PBXShellScriptBuildPhase section */

/* Begin PBXSourcesBuildPhase section */
		1C4751B71A7B9D6BF99E515E57E120AB /* Sources */ = {
			isa = PBXSourcesBuildPhase;
			buildActionMask = 2147483647;
			files = (
				F2CD18DB49E94FBBD39CE1CD73E2F842 /* NSCalendar_VOKAL_Tests.m in Sources */,
				2C9B92D12A58F3CF7C559224EED1DC0C /* NSNumberFormatter_VOKAL_Tests.m in Sources */,
				250859DE7206E0781673C92BAF8FD500 /* NSPredicate_VOKAL_Tests.m in Sources */,
				4A53F6ECB4903343320425802676EC2A /* NSString_VOKValidation_Tests.m in Sources */,
				EE25B0317ACE82806F29E87895EBEEC9 /* UIColor_VOKAL_Tests.m in Sources */,
				B4BA3EB758FEF3216A1C13ABF18B546F /* UIView_VOKCircle_Tests.m in Sources */,
				3184FF096E7294079F3D24F6E46A89BB /* UIView_VOKDebug_Tests.m in Sources */,
			);
			runOnlyForDeploymentPostprocessing = 0;
		};
		2783A2DDABC7EF418B6F32E05EEEF9EC /* Sources */ = {
			isa = PBXSourcesBuildPhase;
			buildActionMask = 2147483647;
			files = (
				0529F65AEC801852D6EC3E948E7D2EAC /* NSCalendar_VOKAL_Tests.m in Sources */,
				E18633348D706743144B98222999CB4A /* NSNumberFormatter_VOKAL_Tests.m in Sources */,
				A3BD758D681FFFE094FDDE68E20392C3 /* NSPredicate_VOKAL_Tests.m in Sources */,
				ECA11D82737DF4A99D60E235A24329D0 /* NSString_VOKValidation_Tests.m in Sources */,
				50C91464E6FA9E82C648B7C1A453B40B /* UIColor_VOKAL_Tests.m in Sources */,
				83F9FBB51AE06D5C4B74D5793F51D3B2 /* UIViewController_VOKKeyboard_Tests.m in Sources */,
				C68F32857F07A8C4386D1DD3C8C6194D /* UIView_VOKCircle_Tests.m in Sources */,
				B055004A95DAD2F86284B6A148CC464A /* UIView_VOKDebug_Tests.m in Sources */,
				5C86A1DEEE565D527AF1CFE2616D4FA9 /* VOKAlertHelper_Tests.m in Sources */,
			);
			runOnlyForDeploymentPostprocessing = 0;
		};
		3C9F4F73FE82C5566F481A3DC0357EB1 /* Sources */ = {
			isa = PBXSourcesBuildPhase;
			buildActionMask = 2147483647;
			files = (
				164906665CBA68AAC2384170975E05AF /* main.m in Sources */,
			);
			runOnlyForDeploymentPostprocessing = 0;
		};
		637465CE75EE27F59842F47A205DB1EC /* Sources */ = {
			isa = PBXSourcesBuildPhase;
			buildActionMask = 2147483647;
			files = (
				37638418B39D8A1FFC9BF2568375E1FC /* AppDelegate.m in Sources */,
				32F25DEE7B5E76F4C3DB4E8C96208710 /* ViewController.m in Sources */,
				53530FC838BB9E3D7237DA5C45FAA09B /* main.m in Sources */,
			);
			runOnlyForDeploymentPostprocessing = 0;
		};
		718F0B3302177ABD0FD654A04047E54D /* Sources */ = {
			isa = PBXSourcesBuildPhase;
			buildActionMask = 2147483647;
			files = (
				57C827C7DF572F8B9C0C8458F271AAE8 /* UIView_VOKDebug_UITests.m in Sources */,
				FA066F555BAF5195534EDAAE4208689C /* VOKAlertHelper_UITests.m in Sources */,
				617F084F0350DF60335FC9D8B60D277E /* VOKEmailHelper_UITests.m in Sources */,
			);
			runOnlyForDeploymentPostprocessing = 0;
		};
		7B735B4F1696852ED7F2583EC7F99F25 /* Sources */ = {
			isa = PBXSourcesBuildPhase;
			buildActionMask = 2147483647;
			files = (
				6180CC94D58ACF7E3B1253B8E39BC4BD /* TestViewController.m in Sources */,
				723A8F421F8D0FF752564E87F378A08C /* VOKAppDelegate.m in Sources */,
				85883CF6A2710A9D37414606C4EE4B78 /* main.m in Sources */,
			);
			runOnlyForDeploymentPostprocessing = 0;
		};
		E72AE795AA70DF80555FE0B46EC73F9B /* Sources */ = {
			isa = PBXSourcesBuildPhase;
			buildActionMask = 2147483647;
			files = (
				62AD3C5EB78AA0F41990EB26207BFFA9 /* NSCalendar_VOKAL_Tests.m in Sources */,
				7BE71B258EE539BD95E687B16C42D9C8 /* NSNumberFormatter_VOKAL_Tests.m in Sources */,
				7C8A1CF4A40E824A26A90DDD7F428BB4 /* NSPredicate_VOKAL_Tests.m in Sources */,
				A922AB203650A638CF03E178468CEE4A /* NSString_VOKValidation_Tests.m in Sources */,
			);
			runOnlyForDeploymentPostprocessing = 0;
		};
/* End PBXSourcesBuildPhase section */

/* Begin PBXTargetDependency section */
		08B6600F76FDF837E6B14295F7E87CF1 /* PBXTargetDependency */ = {
			isa = PBXTargetDependency;
			target = 2592C00B66F969978BF043B7BEB434FA /* VOKUtilities-tvOS */;
			targetProxy = D822CB9C2FCEF2912F05D3C0AD6C7FBC /* PBXContainerItemProxy */;
		};
		20B5C46FB779241F0E6EB04A03B56F68 /* PBXTargetDependency */ = {
			isa = PBXTargetDependency;
			target = 7CA3933B530891BE88AE9AC6A9D3D26D /* VOKUtilities */;
			targetProxy = 031B162111CEB883B0F2C02C277BE615 /* PBXContainerItemProxy */;
		};
		412E8842E7B04E94C191E6A84F8AD71C /* PBXTargetDependency */ = {
			isa = PBXTargetDependency;
			target = 7CA3933B530891BE88AE9AC6A9D3D26D /* VOKUtilities */;
			targetProxy = CF03491C9BEEA99CB187E25061D2274C /* PBXContainerItemProxy */;
		};
/* End PBXTargetDependency section */

/* Begin PBXVariantGroup section */
		149C4EECDD54AC318C09018A3551CD79 /* Main.storyboard */ = {
			isa = PBXVariantGroup;
			children = (
				57A622A81D619649F75DDE2EE6CEFF36 /* Base */,
			);
			name = Main.storyboard;
			sourceTree = "<group>";
		};
		189C69E5C7BB81B5DA6529C87719C553 /* InfoPlist.strings */ = {
			isa = PBXVariantGroup;
			children = (
				FA8AEB46740D689AD3F96AF62A4A2206 /* en */,
			);
			name = InfoPlist.strings;
			sourceTree = "<group>";
		};
		64A536D2BECDE1E3C9125554D817D3DA /* InfoPlist.strings */ = {
			isa = PBXVariantGroup;
			children = (
				E7552BEB87465D2E10EF50AAE9FF47A0 /* en */,
			);
			name = InfoPlist.strings;
			sourceTree = "<group>";
		};
/* End PBXVariantGroup section */

/* Begin XCBuildConfiguration section */
		4250A58A881F3C7053DDCE40E24CE053 /* Debug */ = {
			isa = XCBuildConfiguration;
			baseConfigurationReference = CE4310B3DAC4174D0A7C1B07A16E3558 /* Pods-VOKUtilities-UITests.debug.xcconfig */;
			buildSettings = {
				BUNDLE_LOADER = "$(TEST_HOST)";
				CLANG_WARN_UNREACHABLE_CODE = YES;
				CODE_SIGN_IDENTITY = "";
				"CODE_SIGN_IDENTITY[sdk=iphoneos*]" = "iPhone Developer";
				DEBUG_INFORMATION_FORMAT = "dwarf-with-dsym";
				ENABLE_STRICT_OBJC_MSGSEND = YES;
				FRAMEWORK_SEARCH_PATHS = "$(inherited)";
				GCC_NO_COMMON_BLOCKS = YES;
				GCC_PREPROCESSOR_DEFINITIONS = (
					"DEBUG=1",
					"$(inherited)",
				);
				INFOPLIST_FILE = UITests/Info.plist;
				LD_RUNPATH_SEARCH_PATHS = "$(inherited) @executable_path/Frameworks @loader_path/Frameworks";
				MTL_ENABLE_DEBUG_INFO = YES;
				PRODUCT_BUNDLE_IDENTIFIER = "com.vokal.$(PRODUCT_NAME:rfc1034identifier)";
				PRODUCT_NAME = "$(TARGET_NAME)";
				PROVISIONING_PROFILE = "";
				TEST_HOST = "$(BUILT_PRODUCTS_DIR)/VOKUtilities.app/VOKUtilities";
			};
			name = Debug;
		};
		4BB75209B7B9DA58BE98DA3BA8E91433 /* Release */ = {
			isa = XCBuildConfiguration;
			baseConfigurationReference = 95D338A52C82D3F4950BF51B71E2BE73 /* Pods-VOKUtilities-tvOS-Tests-tvOS.release.xcconfig */;
			buildSettings = {
				BUNDLE_LOADER = "$(TEST_HOST)";
				CLANG_WARN_UNREACHABLE_CODE = YES;
				COPY_PHASE_STRIP = NO;
				DEBUG_INFORMATION_FORMAT = "dwarf-with-dsym";
				ENABLE_STRICT_OBJC_MSGSEND = YES;
				GCC_NO_COMMON_BLOCKS = YES;
				INFOPLIST_FILE = "Tests-tvOS/Info.plist";
				LD_RUNPATH_SEARCH_PATHS = "$(inherited) @executable_path/Frameworks @loader_path/Frameworks";
				MTL_ENABLE_DEBUG_INFO = NO;
				PRODUCT_BUNDLE_IDENTIFIER = "io.vokal.Tests-tvOS";
				PRODUCT_NAME = "$(TARGET_NAME)";
				SDKROOT = appletvos;
				TEST_HOST = "$(BUILT_PRODUCTS_DIR)/VOKUtilities-tvOS.app/VOKUtilities-tvOS";
				TVOS_DEPLOYMENT_TARGET = 9.1;
			};
			name = Release;
		};
		59B6E3F84ABA50014C4CD2C542E3C273 /* Release */ = {
			isa = XCBuildConfiguration;
			baseConfigurationReference = 7DD33C4D0624B360DF55B4A0B66A5465 /* Pods-VOKUtilities.release.xcconfig */;
			buildSettings = {
				BUNDLE_LOADER = "$(BUILT_PRODUCTS_DIR)/VOKUtilities.app/VOKUtilities";
				FRAMEWORK_SEARCH_PATHS = (
					"$(inherited)",
					"$(DEVELOPER_FRAMEWORKS_DIR)",
				);
				GCC_PRECOMPILE_PREFIX_HEADER = YES;
				GCC_PREFIX_HEADER = "Tests/Tests-Prefix.pch";
				INFOPLIST_FILE = "Tests/Tests-Info.plist";
				PRODUCT_BUNDLE_IDENTIFIER = "org.cocoapods.demo.${PRODUCT_NAME:rfc1034identifier}";
				PRODUCT_NAME = "$(TARGET_NAME)";
				TEST_HOST = "$(BUNDLE_LOADER)";
				WRAPPER_EXTENSION = xctest;
			};
			name = Release;
		};
		604F053811187E1770F866C595E2B5D8 /* Release */ = {
			isa = XCBuildConfiguration;
			baseConfigurationReference = 41300325A877D2E149E0FEB2DEF80906 /* Pods-VOKUtilities-tvOS.release.xcconfig */;
			buildSettings = {
				ASSETCATALOG_COMPILER_APPICON_NAME = "App Icon & Top Shelf Image";
				ASSETCATALOG_COMPILER_LAUNCHIMAGE_NAME = LaunchImage;
				CLANG_WARN_UNREACHABLE_CODE = YES;
				COPY_PHASE_STRIP = NO;
				DEBUG_INFORMATION_FORMAT = "dwarf-with-dsym";
				ENABLE_STRICT_OBJC_MSGSEND = YES;
				GCC_NO_COMMON_BLOCKS = YES;
				INFOPLIST_FILE = "VOKUtilities-tvOS/Info.plist";
				LD_RUNPATH_SEARCH_PATHS = "$(inherited) @executable_path/Frameworks";
				MTL_ENABLE_DEBUG_INFO = NO;
				PRODUCT_BUNDLE_IDENTIFIER = "io.vokal.VOKUtilities-tvOS";
				PRODUCT_NAME = "$(TARGET_NAME)";
				SDKROOT = appletvos;
				TARGETED_DEVICE_FAMILY = 3;
				TVOS_DEPLOYMENT_TARGET = 9.0;
			};
			name = Release;
		};
		6B32657091487014BD510665AB951E0A /* Release */ = {
			isa = XCBuildConfiguration;
			baseConfigurationReference = 7DD33C4D0624B360DF55B4A0B66A5465 /* Pods-VOKUtilities.release.xcconfig */;
			buildSettings = {
				ASSETCATALOG_COMPILER_APPICON_NAME = AppIcon;
				ASSETCATALOG_COMPILER_LAUNCHIMAGE_NAME = LaunchImage;
				GCC_PRECOMPILE_PREFIX_HEADER = YES;
				GCC_PREFIX_HEADER = "VOKUtilities/VOKUtilities-Prefix.pch";
				INFOPLIST_FILE = "VOKUtilities/VOKUtilities-Info.plist";
				PRODUCT_BUNDLE_IDENTIFIER = "org.cocoapods.demo.${PRODUCT_NAME:rfc1034identifier}";
				PRODUCT_NAME = "$(TARGET_NAME)";
				WRAPPER_EXTENSION = app;
			};
			name = Release;
		};
		6D9B14CAE3A9E34A6299730F7CC38469 /* Release */ = {
			isa = XCBuildConfiguration;
			baseConfigurationReference = 80046744D2FDCFAF04F4A34B2ADF38E4 /* Pods-VOKUtilities-OSX.release.xcconfig */;
			buildSettings = {
				CLANG_WARN_UNREACHABLE_CODE = YES;
				CODE_SIGN_IDENTITY = "-";
				COPY_PHASE_STRIP = NO;
				DEBUG_INFORMATION_FORMAT = "dwarf-with-dsym";
				ENABLE_STRICT_OBJC_MSGSEND = YES;
				GCC_NO_COMMON_BLOCKS = YES;
				MACOSX_DEPLOYMENT_TARGET = 10.9;
				MTL_ENABLE_DEBUG_INFO = NO;
				PRODUCT_NAME = "$(TARGET_NAME)";
				SDKROOT = macosx;
			};
			name = Release;
		};
		6E17AB5718EBFBA2A8712F1E875483AF /* Debug */ = {
			isa = XCBuildConfiguration;
			buildSettings = {
				ALWAYS_SEARCH_USER_PATHS = NO;
				CLANG_CXX_LANGUAGE_STANDARD = "gnu++0x";
				CLANG_CXX_LIBRARY = "libc++";
				CLANG_ENABLE_MODULES = YES;
				CLANG_ENABLE_OBJC_ARC = YES;
				CLANG_WARN_BOOL_CONVERSION = YES;
				CLANG_WARN_CONSTANT_CONVERSION = YES;
				CLANG_WARN_DIRECT_OBJC_ISA_USAGE = YES_ERROR;
				CLANG_WARN_EMPTY_BODY = YES;
				CLANG_WARN_ENUM_CONVERSION = YES;
				CLANG_WARN_INT_CONVERSION = YES;
				CLANG_WARN_OBJC_ROOT_CLASS = YES_ERROR;
				CLANG_WARN__DUPLICATE_METHOD_MATCH = YES;
				"CODE_SIGN_IDENTITY[sdk=iphoneos*]" = "iPhone Developer";
				COPY_PHASE_STRIP = NO;
				ENABLE_TESTABILITY = YES;
				GCC_C_LANGUAGE_STANDARD = gnu99;
				GCC_DYNAMIC_NO_PIC = NO;
				GCC_OPTIMIZATION_LEVEL = 0;
				GCC_PREPROCESSOR_DEFINITIONS = (
					"DEBUG=1",
					"$(inherited)",
				);
				GCC_SYMBOLS_PRIVATE_EXTERN = NO;
				GCC_WARN_64_TO_32_BIT_CONVERSION = YES;
				GCC_WARN_ABOUT_RETURN_TYPE = YES_ERROR;
				GCC_WARN_UNDECLARED_SELECTOR = YES;
				GCC_WARN_UNINITIALIZED_AUTOS = YES_AGGRESSIVE;
				GCC_WARN_UNUSED_FUNCTION = YES;
				GCC_WARN_UNUSED_VARIABLE = YES;
				IPHONEOS_DEPLOYMENT_TARGET = 7.0;
				ONLY_ACTIVE_ARCH = YES;
				SDKROOT = iphoneos;
				TARGETED_DEVICE_FAMILY = "1,2";
			};
			name = Debug;
		};
		6EA2DCD1A45352D97F717AC5F27C4730 /* Debug */ = {
			isa = XCBuildConfiguration;
			baseConfigurationReference = 1F88E78D868C63542B448F2AD800774C /* Pods-VOKUtilities-tvOS.debug.xcconfig */;
			buildSettings = {
				ASSETCATALOG_COMPILER_APPICON_NAME = "App Icon & Top Shelf Image";
				ASSETCATALOG_COMPILER_LAUNCHIMAGE_NAME = LaunchImage;
				CLANG_WARN_UNREACHABLE_CODE = YES;
				DEBUG_INFORMATION_FORMAT = dwarf;
				ENABLE_STRICT_OBJC_MSGSEND = YES;
				GCC_NO_COMMON_BLOCKS = YES;
				INFOPLIST_FILE = "VOKUtilities-tvOS/Info.plist";
				LD_RUNPATH_SEARCH_PATHS = "$(inherited) @executable_path/Frameworks";
				MTL_ENABLE_DEBUG_INFO = YES;
				PRODUCT_BUNDLE_IDENTIFIER = "io.vokal.VOKUtilities-tvOS";
				PRODUCT_NAME = "$(TARGET_NAME)";
				SDKROOT = appletvos;
				TARGETED_DEVICE_FAMILY = 3;
				TVOS_DEPLOYMENT_TARGET = 9.0;
			};
			name = Debug;
		};
		77D9DA96CE0786D8321AE8D10D135017 /* Debug */ = {
			isa = XCBuildConfiguration;
			baseConfigurationReference = 5D203223FC626726A02E9E3A9BB0A85F /* Pods-VOKUtilities.debug.xcconfig */;
			buildSettings = {
				ASSETCATALOG_COMPILER_APPICON_NAME = AppIcon;
				ASSETCATALOG_COMPILER_LAUNCHIMAGE_NAME = LaunchImage;
				GCC_PRECOMPILE_PREFIX_HEADER = YES;
				GCC_PREFIX_HEADER = "VOKUtilities/VOKUtilities-Prefix.pch";
				INFOPLIST_FILE = "VOKUtilities/VOKUtilities-Info.plist";
				PRODUCT_BUNDLE_IDENTIFIER = "org.cocoapods.demo.${PRODUCT_NAME:rfc1034identifier}";
				PRODUCT_NAME = "$(TARGET_NAME)";
				WRAPPER_EXTENSION = app;
			};
			name = Debug;
		};
		7A3B26EBD4A7809BD693EA7C998EE3C7 /* Debug */ = {
			isa = XCBuildConfiguration;
			baseConfigurationReference = 8F63C235044BFE715494785F4A969DE7 /* Pods-VOKUtilities-OSX.debug.xcconfig */;
			buildSettings = {
				CLANG_WARN_UNREACHABLE_CODE = YES;
				CODE_SIGN_IDENTITY = "-";
				DEBUG_INFORMATION_FORMAT = dwarf;
				ENABLE_STRICT_OBJC_MSGSEND = YES;
				GCC_NO_COMMON_BLOCKS = YES;
				MACOSX_DEPLOYMENT_TARGET = 10.9;
				MTL_ENABLE_DEBUG_INFO = YES;
				PRODUCT_NAME = "$(TARGET_NAME)";
				SDKROOT = macosx;
			};
			name = Debug;
		};
		BA4AF89FE90FF550B4807DDFB25F12CC /* Debug */ = {
			isa = XCBuildConfiguration;
			baseConfigurationReference = B4316EB70BC4FACE65D71C10EBE4A754 /* Pods-VOKUtilities-tvOS-Tests-tvOS.debug.xcconfig */;
			buildSettings = {
				BUNDLE_LOADER = "$(TEST_HOST)";
				CLANG_WARN_UNREACHABLE_CODE = YES;
				DEBUG_INFORMATION_FORMAT = dwarf;
				ENABLE_STRICT_OBJC_MSGSEND = YES;
				GCC_NO_COMMON_BLOCKS = YES;
				INFOPLIST_FILE = "Tests-tvOS/Info.plist";
				LD_RUNPATH_SEARCH_PATHS = "$(inherited) @executable_path/Frameworks @loader_path/Frameworks";
				MTL_ENABLE_DEBUG_INFO = YES;
				PRODUCT_BUNDLE_IDENTIFIER = "io.vokal.Tests-tvOS";
				PRODUCT_NAME = "$(TARGET_NAME)";
				SDKROOT = appletvos;
				TEST_HOST = "$(BUILT_PRODUCTS_DIR)/VOKUtilities-tvOS.app/VOKUtilities-tvOS";
				TVOS_DEPLOYMENT_TARGET = 9.1;
			};
			name = Debug;
		};
		C92298C80A7CFADA8909F60D193380BD /* Debug */ = {
			isa = XCBuildConfiguration;
			baseConfigurationReference = 985FAF06CDDC26B6F5FEBD8208432C33 /* Pods-VOKUtilities-OSX-Tests-OSX.debug.xcconfig */;
			buildSettings = {
				CLANG_WARN_UNREACHABLE_CODE = YES;
				CODE_SIGN_IDENTITY = "-";
				COMBINE_HIDPI_IMAGES = YES;
				DEBUG_INFORMATION_FORMAT = dwarf;
				ENABLE_STRICT_OBJC_MSGSEND = YES;
				GCC_NO_COMMON_BLOCKS = YES;
				INFOPLIST_FILE = "Tests-OSX/Info.plist";
				LD_RUNPATH_SEARCH_PATHS = "$(inherited) @executable_path/../Frameworks @loader_path/../Frameworks";
				MACOSX_DEPLOYMENT_TARGET = 10.11;
				MTL_ENABLE_DEBUG_INFO = YES;
				PRODUCT_BUNDLE_IDENTIFIER = "io.vokal.Tests-OSX";
				PRODUCT_NAME = "$(TARGET_NAME)";
				SDKROOT = macosx;
			};
			name = Debug;
		};
		D38EC7C7C08AA218F6A45210010ECB7F /* Release */ = {
			isa = XCBuildConfiguration;
			buildSettings = {
				ALWAYS_SEARCH_USER_PATHS = NO;
				CLANG_CXX_LANGUAGE_STANDARD = "gnu++0x";
				CLANG_CXX_LIBRARY = "libc++";
				CLANG_ENABLE_MODULES = YES;
				CLANG_ENABLE_OBJC_ARC = YES;
				CLANG_WARN_BOOL_CONVERSION = YES;
				CLANG_WARN_CONSTANT_CONVERSION = YES;
				CLANG_WARN_DIRECT_OBJC_ISA_USAGE = YES_ERROR;
				CLANG_WARN_EMPTY_BODY = YES;
				CLANG_WARN_ENUM_CONVERSION = YES;
				CLANG_WARN_INT_CONVERSION = YES;
				CLANG_WARN_OBJC_ROOT_CLASS = YES_ERROR;
				CLANG_WARN__DUPLICATE_METHOD_MATCH = YES;
				"CODE_SIGN_IDENTITY[sdk=iphoneos*]" = "iPhone Developer";
				COPY_PHASE_STRIP = YES;
				ENABLE_NS_ASSERTIONS = NO;
				GCC_C_LANGUAGE_STANDARD = gnu99;
				GCC_WARN_64_TO_32_BIT_CONVERSION = YES;
				GCC_WARN_ABOUT_RETURN_TYPE = YES_ERROR;
				GCC_WARN_UNDECLARED_SELECTOR = YES;
				GCC_WARN_UNINITIALIZED_AUTOS = YES_AGGRESSIVE;
				GCC_WARN_UNUSED_FUNCTION = YES;
				GCC_WARN_UNUSED_VARIABLE = YES;
				IPHONEOS_DEPLOYMENT_TARGET = 7.0;
				SDKROOT = iphoneos;
				TARGETED_DEVICE_FAMILY = "1,2";
				VALIDATE_PRODUCT = YES;
			};
			name = Release;
		};
		E5C68F28896F11E8CD9B4BD436D0DC24 /* Debug */ = {
			isa = XCBuildConfiguration;
			baseConfigurationReference = 5D203223FC626726A02E9E3A9BB0A85F /* Pods-VOKUtilities.debug.xcconfig */;
			buildSettings = {
				BUNDLE_LOADER = "$(BUILT_PRODUCTS_DIR)/VOKUtilities.app/VOKUtilities";
				FRAMEWORK_SEARCH_PATHS = (
					"$(inherited)",
					"$(DEVELOPER_FRAMEWORKS_DIR)",
				);
				GCC_PRECOMPILE_PREFIX_HEADER = YES;
				GCC_PREFIX_HEADER = "Tests/Tests-Prefix.pch";
				GCC_PREPROCESSOR_DEFINITIONS = (
					"DEBUG=1",
					"$(inherited)",
				);
				INFOPLIST_FILE = "Tests/Tests-Info.plist";
				PRODUCT_BUNDLE_IDENTIFIER = "org.cocoapods.demo.${PRODUCT_NAME:rfc1034identifier}";
				PRODUCT_NAME = "$(TARGET_NAME)";
				TEST_HOST = "$(BUNDLE_LOADER)";
				WRAPPER_EXTENSION = xctest;
			};
			name = Debug;
		};
		E8AC34EBC7ED9EF2EED633883F17B8C6 /* Release */ = {
			isa = XCBuildConfiguration;
			baseConfigurationReference = 34864754358EBA07330BFA2A4366A3C0 /* Pods-VOKUtilities-OSX-Tests-OSX.release.xcconfig */;
			buildSettings = {
				CLANG_WARN_UNREACHABLE_CODE = YES;
				CODE_SIGN_IDENTITY = "-";
				COMBINE_HIDPI_IMAGES = YES;
				COPY_PHASE_STRIP = NO;
				DEBUG_INFORMATION_FORMAT = "dwarf-with-dsym";
				ENABLE_STRICT_OBJC_MSGSEND = YES;
				GCC_NO_COMMON_BLOCKS = YES;
				INFOPLIST_FILE = "Tests-OSX/Info.plist";
				LD_RUNPATH_SEARCH_PATHS = "$(inherited) @executable_path/../Frameworks @loader_path/../Frameworks";
				MACOSX_DEPLOYMENT_TARGET = 10.11;
				MTL_ENABLE_DEBUG_INFO = NO;
				PRODUCT_BUNDLE_IDENTIFIER = "io.vokal.Tests-OSX";
				PRODUCT_NAME = "$(TARGET_NAME)";
				SDKROOT = macosx;
			};
			name = Release;
		};
		F0BA93F1F6EAF7539926CFE27943F2D0 /* Release */ = {
			isa = XCBuildConfiguration;
			baseConfigurationReference = 34B3FCD9C5060F07079FD94C9F480641 /* Pods-VOKUtilities-UITests.release.xcconfig */;
			buildSettings = {
				BUNDLE_LOADER = "$(TEST_HOST)";
				CLANG_WARN_UNREACHABLE_CODE = YES;
				CODE_SIGN_IDENTITY = "";
				"CODE_SIGN_IDENTITY[sdk=iphoneos*]" = "iPhone Developer";
				COPY_PHASE_STRIP = NO;
				DEBUG_INFORMATION_FORMAT = "dwarf-with-dsym";
				ENABLE_STRICT_OBJC_MSGSEND = YES;
				FRAMEWORK_SEARCH_PATHS = "$(inherited)";
				GCC_NO_COMMON_BLOCKS = YES;
				INFOPLIST_FILE = UITests/Info.plist;
				LD_RUNPATH_SEARCH_PATHS = "$(inherited) @executable_path/Frameworks @loader_path/Frameworks";
				MTL_ENABLE_DEBUG_INFO = NO;
				PRODUCT_BUNDLE_IDENTIFIER = "com.vokal.$(PRODUCT_NAME:rfc1034identifier)";
				PRODUCT_NAME = "$(TARGET_NAME)";
				PROVISIONING_PROFILE = "";
				TEST_HOST = "$(BUILT_PRODUCTS_DIR)/VOKUtilities.app/VOKUtilities";
			};
			name = Release;
		};
/* End XCBuildConfiguration section */

/* Begin XCConfigurationList section */
		035C1D2B283E1B5BADCCEDBB5D71D493 /* Build configuration list for PBXNativeTarget "Tests-tvOS" */ = {
			isa = XCConfigurationList;
			buildConfigurations = (
				BA4AF89FE90FF550B4807DDFB25F12CC /* Debug */,
				4BB75209B7B9DA58BE98DA3BA8E91433 /* Release */,
			);
			defaultConfigurationIsVisible = 0;
			defaultConfigurationName = Release;
		};
		21467F06BA859B3FDF3CF1DE41E4BF8F /* Build configuration list for PBXNativeTarget "VOKUtilities-tvOS" */ = {
			isa = XCConfigurationList;
			buildConfigurations = (
				6EA2DCD1A45352D97F717AC5F27C4730 /* Debug */,
				604F053811187E1770F866C595E2B5D8 /* Release */,
			);
			defaultConfigurationIsVisible = 0;
			defaultConfigurationName = Release;
		};
		450E9E4E97A28F431103DD991FBBED0C /* Build configuration list for PBXNativeTarget "UITests" */ = {
			isa = XCConfigurationList;
			buildConfigurations = (
				4250A58A881F3C7053DDCE40E24CE053 /* Debug */,
				F0BA93F1F6EAF7539926CFE27943F2D0 /* Release */,
			);
			defaultConfigurationIsVisible = 0;
			defaultConfigurationName = Release;
		};
		5D56F88A6B9B0F89C26298F3A485F4A9 /* Build configuration list for PBXNativeTarget "VOKUtilities-OSX" */ = {
			isa = XCConfigurationList;
			buildConfigurations = (
				7A3B26EBD4A7809BD693EA7C998EE3C7 /* Debug */,
				6D9B14CAE3A9E34A6299730F7CC38469 /* Release */,
			);
			defaultConfigurationIsVisible = 0;
			defaultConfigurationName = Release;
		};
		71E6A39317B1DAFB22F6FC4307FFFC89 /* Build configuration list for PBXNativeTarget "VOKUtilities" */ = {
			isa = XCConfigurationList;
			buildConfigurations = (
				77D9DA96CE0786D8321AE8D10D135017 /* Debug */,
				6B32657091487014BD510665AB951E0A /* Release */,
			);
			defaultConfigurationIsVisible = 0;
			defaultConfigurationName = Release;
		};
		A180C7D61796989FD16088108F3C96CF /* Build configuration list for PBXProject "VOKUtilities" */ = {
			isa = XCConfigurationList;
			buildConfigurations = (
				6E17AB5718EBFBA2A8712F1E875483AF /* Debug */,
				D38EC7C7C08AA218F6A45210010ECB7F /* Release */,
			);
			defaultConfigurationIsVisible = 0;
			defaultConfigurationName = Release;
		};
		D3FE8680E7CD441D227E4FB803E56E57 /* Build configuration list for PBXNativeTarget "Tests" */ = {
			isa = XCConfigurationList;
			buildConfigurations = (
				E5C68F28896F11E8CD9B4BD436D0DC24 /* Debug */,
				59B6E3F84ABA50014C4CD2C542E3C273 /* Release */,
			);
			defaultConfigurationIsVisible = 0;
			defaultConfigurationName = Release;
		};
		D57E1C23BBDFD20A6C5171E7FDAA6BAD /* Build configuration list for PBXNativeTarget "Tests-OSX" */ = {
			isa = XCConfigurationList;
			buildConfigurations = (
				C92298C80A7CFADA8909F60D193380BD /* Debug */,
				E8AC34EBC7ED9EF2EED633883F17B8C6 /* Release */,
			);
			defaultConfigurationIsVisible = 0;
			defaultConfigurationName = Release;
		};
/* End XCConfigurationList section */
	};
	rootObject = 173BA12A6A91E5EE6D4AE6F03810A4CD /* Project object */;
}
